// !$*UTF8*$!
{
	archiveVersion = 1;
	classes = {
	};
	objectVersion = 50;
	objects = {

/* Begin PBXBuildFile section */
		8336265123928A030077A815 /* UsersActions.swift in Sources */ = {isa = PBXBuildFile; fileRef = 8336265023928A030077A815 /* UsersActions.swift */; };
		8336265323928A700077A815 /* UserActionsApi.swift in Sources */ = {isa = PBXBuildFile; fileRef = 8336265223928A700077A815 /* UserActionsApi.swift */; };
		8336265B239456ED0077A815 /* graphsTests.swift in Sources */ = {isa = PBXBuildFile; fileRef = 8336265A239456ED0077A815 /* graphsTests.swift */; };
		833626632394639F0077A815 /* UrlSessionTests.swift in Sources */ = {isa = PBXBuildFile; fileRef = 833626622394639F0077A815 /* UrlSessionTests.swift */; };
		8345388D238C42100082DF88 /* AppDelegate.swift in Sources */ = {isa = PBXBuildFile; fileRef = 8345388C238C42100082DF88 /* AppDelegate.swift */; };
		8345388F238C42100082DF88 /* SceneDelegate.swift in Sources */ = {isa = PBXBuildFile; fileRef = 8345388E238C42100082DF88 /* SceneDelegate.swift */; };
		83453891238C42100082DF88 /* ViewController.swift in Sources */ = {isa = PBXBuildFile; fileRef = 83453890238C42100082DF88 /* ViewController.swift */; };
		83453896238C42120082DF88 /* Assets.xcassets in Resources */ = {isa = PBXBuildFile; fileRef = 83453895238C42120082DF88 /* Assets.xcassets */; };
		83453899238C42120082DF88 /* LaunchScreen.storyboard in Resources */ = {isa = PBXBuildFile; fileRef = 83453897238C42120082DF88 /* LaunchScreen.storyboard */; };
		834538A2238C485D0082DF88 /* AssetsData.swift in Sources */ = {isa = PBXBuildFile; fileRef = 834538A1238C485D0082DF88 /* AssetsData.swift */; };
		834538A7238C78800082DF88 /* PieChartVC.swift in Sources */ = {isa = PBXBuildFile; fileRef = 834538A5238C4C180082DF88 /* PieChartVC.swift */; };
		834538AA238C80D40082DF88 /* AssetsApi.swift in Sources */ = {isa = PBXBuildFile; fileRef = 834538A9238C80D40082DF88 /* AssetsApi.swift */; };
		834538AD238C81830082DF88 /* Constants.swift in Sources */ = {isa = PBXBuildFile; fileRef = 834538AC238C81830082DF88 /* Constants.swift */; };
		834538AF238D48100082DF88 /* GraphTabVC.swift in Sources */ = {isa = PBXBuildFile; fileRef = 834538AE238D48100082DF88 /* GraphTabVC.swift */; };
		834538B1238D567D0082DF88 /* AreaChartVC.swift in Sources */ = {isa = PBXBuildFile; fileRef = 834538B0238D567D0082DF88 /* AreaChartVC.swift */; };
		83E4FB25239D49EC0013D703 /* LineChartVCCharts.swift in Sources */ = {isa = PBXBuildFile; fileRef = 83E4FB24239D49EC0013D703 /* LineChartVCCharts.swift */; };
		83E4FB27239D56D20013D703 /* BalloonMarker.swift in Sources */ = {isa = PBXBuildFile; fileRef = 83E4FB26239D56D20013D703 /* BalloonMarker.swift */; };
		83E4FB29239DD0860013D703 /* DateValueFormatter.swift in Sources */ = {isa = PBXBuildFile; fileRef = 83E4FB28239DD0860013D703 /* DateValueFormatter.swift */; };
		83E4FB2B239EF6D10013D703 /* StackedBarChartVC.swift in Sources */ = {isa = PBXBuildFile; fileRef = 83E4FB2A239EF6D10013D703 /* StackedBarChartVC.swift */; };
		83E4FB2D239F32850013D703 /* main.storyboard in Resources */ = {isa = PBXBuildFile; fileRef = 83E4FB2C239F32850013D703 /* main.storyboard */; };
		FB69427BB69658791AAE69DF /* Pods_graphs.framework in Frameworks */ = {isa = PBXBuildFile; fileRef = 7F2F72E8706FE614C991039A /* Pods_graphs.framework */; };
/* End PBXBuildFile section */

/* Begin PBXContainerItemProxy section */
		8336265D239456ED0077A815 /* PBXContainerItemProxy */ = {
			isa = PBXContainerItemProxy;
			containerPortal = 83453881238C42100082DF88 /* Project object */;
			proxyType = 1;
			remoteGlobalIDString = 83453888238C42100082DF88;
			remoteInfo = graphs;
		};
/* End PBXContainerItemProxy section */

/* Begin PBXFileReference section */
		51A4052D77275042D5ACA0E1 /* Pods-graphs.debug.xcconfig */ = {isa = PBXFileReference; includeInIndex = 1; lastKnownFileType = text.xcconfig; name = "Pods-graphs.debug.xcconfig"; path = "Pods/Target Support Files/Pods-graphs/Pods-graphs.debug.xcconfig"; sourceTree = "<group>"; };
		7F2F72E8706FE614C991039A /* Pods_graphs.framework */ = {isa = PBXFileReference; explicitFileType = wrapper.framework; includeInIndex = 0; path = Pods_graphs.framework; sourceTree = BUILT_PRODUCTS_DIR; };
		8336265023928A030077A815 /* UsersActions.swift */ = {isa = PBXFileReference; lastKnownFileType = sourcecode.swift; path = UsersActions.swift; sourceTree = "<group>"; };
		8336265223928A700077A815 /* UserActionsApi.swift */ = {isa = PBXFileReference; lastKnownFileType = sourcecode.swift; path = UserActionsApi.swift; sourceTree = "<group>"; xcLanguageSpecificationIdentifier = xcode.lang.swift; };
		83362658239456ED0077A815 /* graphsTests.xctest */ = {isa = PBXFileReference; explicitFileType = wrapper.cfbundle; includeInIndex = 0; path = graphsTests.xctest; sourceTree = BUILT_PRODUCTS_DIR; };
		8336265A239456ED0077A815 /* graphsTests.swift */ = {isa = PBXFileReference; lastKnownFileType = sourcecode.swift; path = graphsTests.swift; sourceTree = "<group>"; };
		8336265C239456ED0077A815 /* Info.plist */ = {isa = PBXFileReference; lastKnownFileType = text.plist.xml; path = Info.plist; sourceTree = "<group>"; };
		833626622394639F0077A815 /* UrlSessionTests.swift */ = {isa = PBXFileReference; lastKnownFileType = sourcecode.swift; path = UrlSessionTests.swift; sourceTree = "<group>"; };
		83453889238C42100082DF88 /* graphs.app */ = {isa = PBXFileReference; explicitFileType = wrapper.application; includeInIndex = 0; path = graphs.app; sourceTree = BUILT_PRODUCTS_DIR; };
		8345388C238C42100082DF88 /* AppDelegate.swift */ = {isa = PBXFileReference; lastKnownFileType = sourcecode.swift; path = AppDelegate.swift; sourceTree = "<group>"; };
		8345388E238C42100082DF88 /* SceneDelegate.swift */ = {isa = PBXFileReference; lastKnownFileType = sourcecode.swift; path = SceneDelegate.swift; sourceTree = "<group>"; };
		83453890238C42100082DF88 /* ViewController.swift */ = {isa = PBXFileReference; lastKnownFileType = sourcecode.swift; path = ViewController.swift; sourceTree = "<group>"; };
		83453895238C42120082DF88 /* Assets.xcassets */ = {isa = PBXFileReference; lastKnownFileType = folder.assetcatalog; path = Assets.xcassets; sourceTree = "<group>"; };
		83453898238C42120082DF88 /* Base */ = {isa = PBXFileReference; lastKnownFileType = file.storyboard; name = Base; path = Base.lproj/LaunchScreen.storyboard; sourceTree = "<group>"; };
		8345389A238C42120082DF88 /* Info.plist */ = {isa = PBXFileReference; lastKnownFileType = text.plist.xml; path = Info.plist; sourceTree = "<group>"; };
		834538A1238C485D0082DF88 /* AssetsData.swift */ = {isa = PBXFileReference; lastKnownFileType = sourcecode.swift; path = AssetsData.swift; sourceTree = "<group>"; };
		834538A5238C4C180082DF88 /* PieChartVC.swift */ = {isa = PBXFileReference; lastKnownFileType = sourcecode.swift; path = PieChartVC.swift; sourceTree = "<group>"; };
		834538A9238C80D40082DF88 /* AssetsApi.swift */ = {isa = PBXFileReference; lastKnownFileType = sourcecode.swift; path = AssetsApi.swift; sourceTree = "<group>"; xcLanguageSpecificationIdentifier = xcode.lang.swift; };
		834538AC238C81830082DF88 /* Constants.swift */ = {isa = PBXFileReference; lastKnownFileType = sourcecode.swift; path = Constants.swift; sourceTree = "<group>"; };
		834538AE238D48100082DF88 /* GraphTabVC.swift */ = {isa = PBXFileReference; lastKnownFileType = sourcecode.swift; path = GraphTabVC.swift; sourceTree = "<group>"; };
		834538B0238D567D0082DF88 /* AreaChartVC.swift */ = {isa = PBXFileReference; lastKnownFileType = sourcecode.swift; path = AreaChartVC.swift; sourceTree = "<group>"; };
		83E4FB24239D49EC0013D703 /* LineChartVCCharts.swift */ = {isa = PBXFileReference; lastKnownFileType = sourcecode.swift; path = LineChartVCCharts.swift; sourceTree = "<group>"; };
		83E4FB26239D56D20013D703 /* BalloonMarker.swift */ = {isa = PBXFileReference; fileEncoding = 4; lastKnownFileType = sourcecode.swift; path = BalloonMarker.swift; sourceTree = "<group>"; };
		83E4FB28239DD0860013D703 /* DateValueFormatter.swift */ = {isa = PBXFileReference; fileEncoding = 4; lastKnownFileType = sourcecode.swift; path = DateValueFormatter.swift; sourceTree = "<group>"; };
		83E4FB2A239EF6D10013D703 /* StackedBarChartVC.swift */ = {isa = PBXFileReference; lastKnownFileType = sourcecode.swift; path = StackedBarChartVC.swift; sourceTree = "<group>"; };
		83E4FB2C239F32850013D703 /* main.storyboard */ = {isa = PBXFileReference; fileEncoding = 4; lastKnownFileType = file.storyboard; path = main.storyboard; sourceTree = "<group>"; };
		963FEB08E51EC6285DB293A2 /* Pods-graphs.release.xcconfig */ = {isa = PBXFileReference; includeInIndex = 1; lastKnownFileType = text.xcconfig; name = "Pods-graphs.release.xcconfig"; path = "Pods/Target Support Files/Pods-graphs/Pods-graphs.release.xcconfig"; sourceTree = "<group>"; };
/* End PBXFileReference section */

/* Begin PBXFrameworksBuildPhase section */
		83362655239456ED0077A815 /* Frameworks */ = {
			isa = PBXFrameworksBuildPhase;
			buildActionMask = 2147483647;
			files = (
			);
			runOnlyForDeploymentPostprocessing = 0;
		};
		83453886238C42100082DF88 /* Frameworks */ = {
			isa = PBXFrameworksBuildPhase;
			buildActionMask = 2147483647;
			files = (
				FB69427BB69658791AAE69DF /* Pods_graphs.framework in Frameworks */,
			);
			runOnlyForDeploymentPostprocessing = 0;
		};
/* End PBXFrameworksBuildPhase section */

/* Begin PBXGroup section */
		0EB89CC4EE7AC38DE7FEB115 /* Pods */ = {
			isa = PBXGroup;
			children = (
				51A4052D77275042D5ACA0E1 /* Pods-graphs.debug.xcconfig */,
				963FEB08E51EC6285DB293A2 /* Pods-graphs.release.xcconfig */,
			);
			name = Pods;
			sourceTree = "<group>";
		};
		44719E3F5D5E546E650D6884 /* Frameworks */ = {
			isa = PBXGroup;
			children = (
				7F2F72E8706FE614C991039A /* Pods_graphs.framework */,
			);
			name = Frameworks;
			sourceTree = "<group>";
		};
		83362659239456ED0077A815 /* graphsTests */ = {
			isa = PBXGroup;
			children = (
				833626622394639F0077A815 /* UrlSessionTests.swift */,
				8336265A239456ED0077A815 /* graphsTests.swift */,
				8336265C239456ED0077A815 /* Info.plist */,
			);
			path = graphsTests;
			sourceTree = "<group>";
		};
		83453880238C42100082DF88 = {
			isa = PBXGroup;
			children = (
				8345388B238C42100082DF88 /* graphs */,
				83362659239456ED0077A815 /* graphsTests */,
				8345388A238C42100082DF88 /* Products */,
				0EB89CC4EE7AC38DE7FEB115 /* Pods */,
				44719E3F5D5E546E650D6884 /* Frameworks */,
			);
			sourceTree = "<group>";
		};
		8345388A238C42100082DF88 /* Products */ = {
			isa = PBXGroup;
			children = (
				83453889238C42100082DF88 /* graphs.app */,
				83362658239456ED0077A815 /* graphsTests.xctest */,
			);
			name = Products;
			sourceTree = "<group>";
		};
		8345388B238C42100082DF88 /* graphs */ = {
			isa = PBXGroup;
			children = (
				834538AB238C81760082DF88 /* Utils */,
				834538A8238C80C20082DF88 /* Services */,
				834538A4238C4BF00082DF88 /* Controller */,
				83E4FB28239DD0860013D703 /* DateValueFormatter.swift */,
				834538A3238C4BE60082DF88 /* View */,
				834538A0238C47E30082DF88 /* Model */,
				8345388C238C42100082DF88 /* AppDelegate.swift */,
				8345388E238C42100082DF88 /* SceneDelegate.swift */,
				83453890238C42100082DF88 /* ViewController.swift */,
				83453895238C42120082DF88 /* Assets.xcassets */,
				83E4FB2C239F32850013D703 /* main.storyboard */,
				83453897238C42120082DF88 /* LaunchScreen.storyboard */,
				8345389A238C42120082DF88 /* Info.plist */,
			);
			path = graphs;
			sourceTree = "<group>";
		};
		834538A0238C47E30082DF88 /* Model */ = {
			isa = PBXGroup;
			children = (
				834538A1238C485D0082DF88 /* AssetsData.swift */,
				8336265023928A030077A815 /* UsersActions.swift */,
			);
			path = Model;
			sourceTree = "<group>";
		};
		834538A3238C4BE60082DF88 /* View */ = {
			isa = PBXGroup;
			children = (
				83E4FB26239D56D20013D703 /* BalloonMarker.swift */,
			);
			path = View;
			sourceTree = "<group>";
		};
		834538A4238C4BF00082DF88 /* Controller */ = {
			isa = PBXGroup;
			children = (
				834538A5238C4C180082DF88 /* PieChartVC.swift */,
				83E4FB24239D49EC0013D703 /* LineChartVCCharts.swift */,
				834538B0238D567D0082DF88 /* AreaChartVC.swift */,
				834538AE238D48100082DF88 /* GraphTabVC.swift */,
				83E4FB2A239EF6D10013D703 /* StackedBarChartVC.swift */,
			);
			path = Controller;
			sourceTree = "<group>";
		};
		834538A8238C80C20082DF88 /* Services */ = {
			isa = PBXGroup;
			children = (
				834538A9238C80D40082DF88 /* AssetsApi.swift */,
				8336265223928A700077A815 /* UserActionsApi.swift */,
			);
			path = Services;
			sourceTree = "<group>";
		};
		834538AB238C81760082DF88 /* Utils */ = {
			isa = PBXGroup;
			children = (
				834538AC238C81830082DF88 /* Constants.swift */,
			);
			path = Utils;
			sourceTree = "<group>";
		};
/* End PBXGroup section */

/* Begin PBXNativeTarget section */
		83362657239456ED0077A815 /* graphsTests */ = {
			isa = PBXNativeTarget;
			buildConfigurationList = 8336265F239456ED0077A815 /* Build configuration list for PBXNativeTarget "graphsTests" */;
			buildPhases = (
				83362654239456ED0077A815 /* Sources */,
				83362655239456ED0077A815 /* Frameworks */,
				83362656239456ED0077A815 /* Resources */,
			);
			buildRules = (
			);
			dependencies = (
				8336265E239456ED0077A815 /* PBXTargetDependency */,
			);
			name = graphsTests;
			productName = graphsTests;
			productReference = 83362658239456ED0077A815 /* graphsTests.xctest */;
			productType = "com.apple.product-type.bundle.unit-test";
		};
		83453888238C42100082DF88 /* graphs */ = {
			isa = PBXNativeTarget;
			buildConfigurationList = 8345389D238C42120082DF88 /* Build configuration list for PBXNativeTarget "graphs" */;
			buildPhases = (
				6F6F2496854E83A349617C82 /* [CP] Check Pods Manifest.lock */,
				83453885238C42100082DF88 /* Sources */,
				83453886238C42100082DF88 /* Frameworks */,
				83453887238C42100082DF88 /* Resources */,
				86F1CD39B8CE804C503BE52E /* [CP] Embed Pods Frameworks */,
			);
			buildRules = (
			);
			dependencies = (
			);
			name = graphs;
			productName = graphs;
			productReference = 83453889238C42100082DF88 /* graphs.app */;
			productType = "com.apple.product-type.application";
		};
/* End PBXNativeTarget section */

/* Begin PBXProject section */
		83453881238C42100082DF88 /* Project object */ = {
			isa = PBXProject;
			attributes = {
				LastSwiftUpdateCheck = 1120;
				LastUpgradeCheck = 1120;
				ORGANIZATIONNAME = "Danila Ferents";
				TargetAttributes = {
					83362657239456ED0077A815 = {
						CreatedOnToolsVersion = 11.2.1;
						TestTargetID = 83453888238C42100082DF88;
					};
					83453888238C42100082DF88 = {
						CreatedOnToolsVersion = 11.2.1;
					};
				};
			};
			buildConfigurationList = 83453884238C42100082DF88 /* Build configuration list for PBXProject "graphs" */;
			compatibilityVersion = "Xcode 9.3";
			developmentRegion = en;
			hasScannedForEncodings = 0;
			knownRegions = (
				en,
				Base,
			);
			mainGroup = 83453880238C42100082DF88;
			productRefGroup = 8345388A238C42100082DF88 /* Products */;
			projectDirPath = "";
			projectRoot = "";
			targets = (
				83453888238C42100082DF88 /* graphs */,
				83362657239456ED0077A815 /* graphsTests */,
			);
		};
/* End PBXProject section */

/* Begin PBXResourcesBuildPhase section */
		83362656239456ED0077A815 /* Resources */ = {
			isa = PBXResourcesBuildPhase;
			buildActionMask = 2147483647;
			files = (
			);
			runOnlyForDeploymentPostprocessing = 0;
		};
		83453887238C42100082DF88 /* Resources */ = {
			isa = PBXResourcesBuildPhase;
			buildActionMask = 2147483647;
			files = (
				83453899238C42120082DF88 /* LaunchScreen.storyboard in Resources */,
				83E4FB2D239F32850013D703 /* main.storyboard in Resources */,
				83453896238C42120082DF88 /* Assets.xcassets in Resources */,
			);
			runOnlyForDeploymentPostprocessing = 0;
		};
/* End PBXResourcesBuildPhase section */

/* Begin PBXShellScriptBuildPhase section */
		6F6F2496854E83A349617C82 /* [CP] Check Pods Manifest.lock */ = {
			isa = PBXShellScriptBuildPhase;
			buildActionMask = 2147483647;
			files = (
			);
			inputPaths = (
				"${PODS_PODFILE_DIR_PATH}/Podfile.lock",
				"${PODS_ROOT}/Manifest.lock",
			);
			name = "[CP] Check Pods Manifest.lock";
			outputPaths = (
				"$(DERIVED_FILE_DIR)/Pods-graphs-checkManifestLockResult.txt",
			);
			runOnlyForDeploymentPostprocessing = 0;
			shellPath = /bin/sh;
			shellScript = "diff \"${PODS_PODFILE_DIR_PATH}/Podfile.lock\" \"${PODS_ROOT}/Manifest.lock\" > /dev/null\nif [ $? != 0 ] ; then\n    # print error to STDERR\n    echo \"error: The sandbox is not in sync with the Podfile.lock. Run 'pod install' or update your CocoaPods installation.\" >&2\n    exit 1\nfi\n# This output is used by Xcode 'outputs' to avoid re-running this script phase.\necho \"SUCCESS\" > \"${SCRIPT_OUTPUT_FILE_0}\"\n";
			showEnvVarsInLog = 0;
		};
		86F1CD39B8CE804C503BE52E /* [CP] Embed Pods Frameworks */ = {
			isa = PBXShellScriptBuildPhase;
			buildActionMask = 2147483647;
			files = (
			);
			inputPaths = (
				"${SRCROOT}/Pods/Target Support Files/Pods-graphs/Pods-graphs-frameworks.sh",
				"${BUILT_PRODUCTS_DIR}/AAInfographics/AAInfographics.framework",
				"${BUILT_PRODUCTS_DIR}/Alamofire/Alamofire.framework",
				"${BUILT_PRODUCTS_DIR}/Charts/Charts.framework",
			);
			name = "[CP] Embed Pods Frameworks";
			outputPaths = (
				"${TARGET_BUILD_DIR}/${FRAMEWORKS_FOLDER_PATH}/AAInfographics.framework",
				"${TARGET_BUILD_DIR}/${FRAMEWORKS_FOLDER_PATH}/Alamofire.framework",
				"${TARGET_BUILD_DIR}/${FRAMEWORKS_FOLDER_PATH}/Charts.framework",
			);
			runOnlyForDeploymentPostprocessing = 0;
			shellPath = /bin/sh;
			shellScript = "\"${SRCROOT}/Pods/Target Support Files/Pods-graphs/Pods-graphs-frameworks.sh\"\n";
			showEnvVarsInLog = 0;
		};
/* End PBXShellScriptBuildPhase section */

/* Begin PBXSourcesBuildPhase section */
		83362654239456ED0077A815 /* Sources */ = {
			isa = PBXSourcesBuildPhase;
			buildActionMask = 2147483647;
			files = (
				833626632394639F0077A815 /* UrlSessionTests.swift in Sources */,
				8336265B239456ED0077A815 /* graphsTests.swift in Sources */,
			);
			runOnlyForDeploymentPostprocessing = 0;
		};
		83453885238C42100082DF88 /* Sources */ = {
			isa = PBXSourcesBuildPhase;
			buildActionMask = 2147483647;
			files = (
				83E4FB29239DD0860013D703 /* DateValueFormatter.swift in Sources */,
				83453891238C42100082DF88 /* ViewController.swift in Sources */,
				8345388D238C42100082DF88 /* AppDelegate.swift in Sources */,
				8336265123928A030077A815 /* UsersActions.swift in Sources */,
				834538AA238C80D40082DF88 /* AssetsApi.swift in Sources */,
				83E4FB27239D56D20013D703 /* BalloonMarker.swift in Sources */,
				83E4FB2B239EF6D10013D703 /* StackedBarChartVC.swift in Sources */,
				8345388F238C42100082DF88 /* SceneDelegate.swift in Sources */,
				8336265323928A700077A815 /* UserActionsApi.swift in Sources */,
				834538AD238C81830082DF88 /* Constants.swift in Sources */,
				83E4FB25239D49EC0013D703 /* LineChartVCCharts.swift in Sources */,
				834538B1238D567D0082DF88 /* AreaChartVC.swift in Sources */,
				834538AF238D48100082DF88 /* GraphTabVC.swift in Sources */,
				834538A7238C78800082DF88 /* PieChartVC.swift in Sources */,
				834538A2238C485D0082DF88 /* AssetsData.swift in Sources */,
			);
			runOnlyForDeploymentPostprocessing = 0;
		};
/* End PBXSourcesBuildPhase section */

/* Begin PBXTargetDependency section */
		8336265E239456ED0077A815 /* PBXTargetDependency */ = {
			isa = PBXTargetDependency;
			target = 83453888238C42100082DF88 /* graphs */;
			targetProxy = 8336265D239456ED0077A815 /* PBXContainerItemProxy */;
		};
/* End PBXTargetDependency section */

/* Begin PBXVariantGroup section */
		83453897238C42120082DF88 /* LaunchScreen.storyboard */ = {
			isa = PBXVariantGroup;
			children = (
				83453898238C42120082DF88 /* Base */,
			);
			name = LaunchScreen.storyboard;
			sourceTree = "<group>";
		};
/* End PBXVariantGroup section */

/* Begin XCBuildConfiguration section */
		83362660239456ED0077A815 /* Debug */ = {
			isa = XCBuildConfiguration;
			buildSettings = {
				BUNDLE_LOADER = "$(TEST_HOST)";
				CODE_SIGN_STYLE = Automatic;
				DEVELOPMENT_TEAM = 384TS3V9HP;
				INFOPLIST_FILE = graphsTests/Info.plist;
				LD_RUNPATH_SEARCH_PATHS = (
					"$(inherited)",
					"@executable_path/Frameworks",
					"@loader_path/Frameworks",
				);
				PRODUCT_BUNDLE_IDENTIFIER = dan.graphsTests;
				PRODUCT_NAME = "$(TARGET_NAME)";
				SWIFT_VERSION = 5.0;
				TARGETED_DEVICE_FAMILY = "1,2";
				TEST_HOST = "$(BUILT_PRODUCTS_DIR)/graphs.app/graphs";
			};
			name = Debug;
		};
		83362661239456ED0077A815 /* Release */ = {
			isa = XCBuildConfiguration;
			buildSettings = {
				BUNDLE_LOADER = "$(TEST_HOST)";
				CODE_SIGN_STYLE = Automatic;
				DEVELOPMENT_TEAM = 384TS3V9HP;
				INFOPLIST_FILE = graphsTests/Info.plist;
				LD_RUNPATH_SEARCH_PATHS = (
					"$(inherited)",
					"@executable_path/Frameworks",
					"@loader_path/Frameworks",
				);
				PRODUCT_BUNDLE_IDENTIFIER = dan.graphsTests;
				PRODUCT_NAME = "$(TARGET_NAME)";
				SWIFT_VERSION = 5.0;
				TARGETED_DEVICE_FAMILY = "1,2";
				TEST_HOST = "$(BUILT_PRODUCTS_DIR)/graphs.app/graphs";
			};
			name = Release;
		};
		8345389B238C42120082DF88 /* Debug */ = {
			isa = XCBuildConfiguration;
			buildSettings = {
				ALWAYS_SEARCH_USER_PATHS = NO;
				CLANG_ANALYZER_NONNULL = YES;
				CLANG_ANALYZER_NUMBER_OBJECT_CONVERSION = YES_AGGRESSIVE;
				CLANG_CXX_LANGUAGE_STANDARD = "gnu++14";
				CLANG_CXX_LIBRARY = "libc++";
				CLANG_ENABLE_MODULES = YES;
				CLANG_ENABLE_OBJC_ARC = YES;
				CLANG_ENABLE_OBJC_WEAK = YES;
				CLANG_WARN_BLOCK_CAPTURE_AUTORELEASING = YES;
				CLANG_WARN_BOOL_CONVERSION = YES;
				CLANG_WARN_COMMA = YES;
				CLANG_WARN_CONSTANT_CONVERSION = YES;
				CLANG_WARN_DEPRECATED_OBJC_IMPLEMENTATIONS = YES;
				CLANG_WARN_DIRECT_OBJC_ISA_USAGE = YES_ERROR;
				CLANG_WARN_DOCUMENTATION_COMMENTS = YES;
				CLANG_WARN_EMPTY_BODY = YES;
				CLANG_WARN_ENUM_CONVERSION = YES;
				CLANG_WARN_INFINITE_RECURSION = YES;
				CLANG_WARN_INT_CONVERSION = YES;
				CLANG_WARN_NON_LITERAL_NULL_CONVERSION = YES;
				CLANG_WARN_OBJC_IMPLICIT_RETAIN_SELF = YES;
				CLANG_WARN_OBJC_LITERAL_CONVERSION = YES;
				CLANG_WARN_OBJC_ROOT_CLASS = YES_ERROR;
				CLANG_WARN_RANGE_LOOP_ANALYSIS = YES;
				CLANG_WARN_STRICT_PROTOTYPES = YES;
				CLANG_WARN_SUSPICIOUS_MOVE = YES;
				CLANG_WARN_UNGUARDED_AVAILABILITY = YES_AGGRESSIVE;
				CLANG_WARN_UNREACHABLE_CODE = YES;
				CLANG_WARN__DUPLICATE_METHOD_MATCH = YES;
				COPY_PHASE_STRIP = NO;
				DEBUG_INFORMATION_FORMAT = dwarf;
				ENABLE_STRICT_OBJC_MSGSEND = YES;
				ENABLE_TESTABILITY = YES;
				GCC_C_LANGUAGE_STANDARD = gnu11;
				GCC_DYNAMIC_NO_PIC = NO;
				GCC_NO_COMMON_BLOCKS = YES;
				GCC_OPTIMIZATION_LEVEL = 0;
				GCC_PREPROCESSOR_DEFINITIONS = (
					"DEBUG=1",
					"$(inherited)",
				);
				GCC_WARN_64_TO_32_BIT_CONVERSION = YES;
				GCC_WARN_ABOUT_RETURN_TYPE = YES_ERROR;
				GCC_WARN_UNDECLARED_SELECTOR = YES;
				GCC_WARN_UNINITIALIZED_AUTOS = YES_AGGRESSIVE;
				GCC_WARN_UNUSED_FUNCTION = YES;
				GCC_WARN_UNUSED_VARIABLE = YES;
				IPHONEOS_DEPLOYMENT_TARGET = 13.2;
				MTL_ENABLE_DEBUG_INFO = INCLUDE_SOURCE;
				MTL_FAST_MATH = YES;
				ONLY_ACTIVE_ARCH = YES;
				SDKROOT = iphoneos;
				SWIFT_ACTIVE_COMPILATION_CONDITIONS = DEBUG;
				SWIFT_OPTIMIZATION_LEVEL = "-Onone";
			};
			name = Debug;
		};
		8345389C238C42120082DF88 /* Release */ = {
			isa = XCBuildConfiguration;
			buildSettings = {
				ALWAYS_SEARCH_USER_PATHS = NO;
				CLANG_ANALYZER_NONNULL = YES;
				CLANG_ANALYZER_NUMBER_OBJECT_CONVERSION = YES_AGGRESSIVE;
				CLANG_CXX_LANGUAGE_STANDARD = "gnu++14";
				CLANG_CXX_LIBRARY = "libc++";
				CLANG_ENABLE_MODULES = YES;
				CLANG_ENABLE_OBJC_ARC = YES;
				CLANG_ENABLE_OBJC_WEAK = YES;
				CLANG_WARN_BLOCK_CAPTURE_AUTORELEASING = YES;
				CLANG_WARN_BOOL_CONVERSION = YES;
				CLANG_WARN_COMMA = YES;
				CLANG_WARN_CONSTANT_CONVERSION = YES;
				CLANG_WARN_DEPRECATED_OBJC_IMPLEMENTATIONS = YES;
				CLANG_WARN_DIRECT_OBJC_ISA_USAGE = YES_ERROR;
				CLANG_WARN_DOCUMENTATION_COMMENTS = YES;
				CLANG_WARN_EMPTY_BODY = YES;
				CLANG_WARN_ENUM_CONVERSION = YES;
				CLANG_WARN_INFINITE_RECURSION = YES;
				CLANG_WARN_INT_CONVERSION = YES;
				CLANG_WARN_NON_LITERAL_NULL_CONVERSION = YES;
				CLANG_WARN_OBJC_IMPLICIT_RETAIN_SELF = YES;
				CLANG_WARN_OBJC_LITERAL_CONVERSION = YES;
				CLANG_WARN_OBJC_ROOT_CLASS = YES_ERROR;
				CLANG_WARN_RANGE_LOOP_ANALYSIS = YES;
				CLANG_WARN_STRICT_PROTOTYPES = YES;
				CLANG_WARN_SUSPICIOUS_MOVE = YES;
				CLANG_WARN_UNGUARDED_AVAILABILITY = YES_AGGRESSIVE;
				CLANG_WARN_UNREACHABLE_CODE = YES;
				CLANG_WARN__DUPLICATE_METHOD_MATCH = YES;
				COPY_PHASE_STRIP = NO;
				DEBUG_INFORMATION_FORMAT = "dwarf-with-dsym";
				ENABLE_NS_ASSERTIONS = NO;
				ENABLE_STRICT_OBJC_MSGSEND = YES;
				GCC_C_LANGUAGE_STANDARD = gnu11;
				GCC_NO_COMMON_BLOCKS = YES;
				GCC_WARN_64_TO_32_BIT_CONVERSION = YES;
				GCC_WARN_ABOUT_RETURN_TYPE = YES_ERROR;
				GCC_WARN_UNDECLARED_SELECTOR = YES;
				GCC_WARN_UNINITIALIZED_AUTOS = YES_AGGRESSIVE;
				GCC_WARN_UNUSED_FUNCTION = YES;
				GCC_WARN_UNUSED_VARIABLE = YES;
				IPHONEOS_DEPLOYMENT_TARGET = 13.2;
				MTL_ENABLE_DEBUG_INFO = NO;
				MTL_FAST_MATH = YES;
				SDKROOT = iphoneos;
				SWIFT_COMPILATION_MODE = wholemodule;
				SWIFT_OPTIMIZATION_LEVEL = "-O";
				VALIDATE_PRODUCT = YES;
			};
			name = Release;
		};
		8345389E238C42120082DF88 /* Debug */ = {
			isa = XCBuildConfiguration;
			baseConfigurationReference = 51A4052D77275042D5ACA0E1 /* Pods-graphs.debug.xcconfig */;
			buildSettings = {
				ASSETCATALOG_COMPILER_APPICON_NAME = AppIcon;
				CODE_SIGN_STYLE = Automatic;
				DEVELOPMENT_TEAM = 384TS3V9HP;
				INFOPLIST_FILE = graphs/Info.plist;
				IPHONEOS_DEPLOYMENT_TARGET = 13.0;
				LD_RUNPATH_SEARCH_PATHS = (
					"$(inherited)",
					"@executable_path/Frameworks",
				);
				PRODUCT_BUNDLE_IDENTIFIER = dan.graphs;
				PRODUCT_NAME = "$(TARGET_NAME)";
				SWIFT_VERSION = 5.0;
				TARGETED_DEVICE_FAMILY = "1,2";
			};
			name = Debug;
		};
		8345389F238C42120082DF88 /* Release */ = {
			isa = XCBuildConfiguration;
			baseConfigurationReference = 963FEB08E51EC6285DB293A2 /* Pods-graphs.release.xcconfig */;
			buildSettings = {
				ASSETCATALOG_COMPILER_APPICON_NAME = AppIcon;
				CODE_SIGN_STYLE = Automatic;
				DEVELOPMENT_TEAM = 384TS3V9HP;
				INFOPLIST_FILE = graphs/Info.plist;
				IPHONEOS_DEPLOYMENT_TARGET = 13.0;
				LD_RUNPATH_SEARCH_PATHS = (
					"$(inherited)",
					"@executable_path/Frameworks",
				);
				PRODUCT_BUNDLE_IDENTIFIER = dan.graphs;
				PRODUCT_NAME = "$(TARGET_NAME)";
				SWIFT_VERSION = 5.0;
				TARGETED_DEVICE_FAMILY = "1,2";
			};
			name = Release;
		};
/* End XCBuildConfiguration section */

/* Begin XCConfigurationList section */
		8336265F239456ED0077A815 /* Build configuration list for PBXNativeTarget "graphsTests" */ = {
			isa = XCConfigurationList;
			buildConfigurations = (
				83362660239456ED0077A815 /* Debug */,
				83362661239456ED0077A815 /* Release */,
			);
			defaultConfigurationIsVisible = 0;
			defaultConfigurationName = Release;
		};
		83453884238C42100082DF88 /* Build configuration list for PBXProject "graphs" */ = {
			isa = XCConfigurationList;
			buildConfigurations = (
				8345389B238C42120082DF88 /* Debug */,
				8345389C238C42120082DF88 /* Release */,
			);
			defaultConfigurationIsVisible = 0;
			defaultConfigurationName = Release;
		};
		8345389D238C42120082DF88 /* Build configuration list for PBXNativeTarget "graphs" */ = {
			isa = XCConfigurationList;
			buildConfigurations = (
				8345389E238C42120082DF88 /* Debug */,
				8345389F238C42120082DF88 /* Release */,
			);
			defaultConfigurationIsVisible = 0;
			defaultConfigurationName = Release;
		};
/* End XCConfigurationList section */
	};
	rootObject = 83453881238C42100082DF88 /* Project object */;
}
