// !$*UTF8*$!
{
	archiveVersion = 1;
	classes = {
	};
	objectVersion = 51;
	objects = {

/* Begin PBXBuildFile section */
		6C726C817C51F41399172E23 /* libPods-graphsTests.a in Frameworks */ = {isa = PBXBuildFile; fileRef = 8A47654B91C5727AC9DED804 /* libPods-graphsTests.a */; };
		8309BAD8242A8ADA00E2E86C /* RegisterVC.swift in Sources */ = {isa = PBXBuildFile; fileRef = 8309BAD7242A8ADA00E2E86C /* RegisterVC.swift */; };
		8309BADA242A911900E2E86C /* AuthApi.swift in Sources */ = {isa = PBXBuildFile; fileRef = 8309BAD9242A911900E2E86C /* AuthApi.swift */; };
		8314252723F9B8050086BED8 /* CorellationVC.swift in Sources */ = {isa = PBXBuildFile; fileRef = 8314252623F9B8050086BED8 /* CorellationVC.swift */; };
		8314252D23FACCC30086BED8 /* QuoteCell.swift in Sources */ = {isa = PBXBuildFile; fileRef = 8314252B23FACCC30086BED8 /* QuoteCell.swift */; };
		8314252E23FACCC30086BED8 /* quoteCell.xib in Resources */ = {isa = PBXBuildFile; fileRef = 8314252C23FACCC30086BED8 /* quoteCell.xib */; };
		8314253023FB11350086BED8 /* InstrumentCorrelation.swift in Sources */ = {isa = PBXBuildFile; fileRef = 8314252F23FB11350086BED8 /* InstrumentCorrelation.swift */; };
		8314253823FC6E530086BED8 /* AddIInstrumentVC.swift in Sources */ = {isa = PBXBuildFile; fileRef = 8314253723FC6E530086BED8 /* AddIInstrumentVC.swift */; };
		8314253A23FD5F020086BED8 /* CorrelationGraphVC.swift in Sources */ = {isa = PBXBuildFile; fileRef = 8314253923FD5F020086BED8 /* CorrelationGraphVC.swift */; };
		831BC317243B75BF007C7D64 /* TransactionApi.swift in Sources */ = {isa = PBXBuildFile; fileRef = 831BC316243B75BF007C7D64 /* TransactionApi.swift */; };
		831BC329243B7E3E007C7D64 /* TransactionTests.swift in Sources */ = {isa = PBXBuildFile; fileRef = 831BC328243B7E3E007C7D64 /* TransactionTests.swift */; };
		831BC32A243B7E99007C7D64 /* TransactionApi.swift in Sources */ = {isa = PBXBuildFile; fileRef = 831BC316243B75BF007C7D64 /* TransactionApi.swift */; };
		831D132D240588170024BC49 /* 10VC.swift in Sources */ = {isa = PBXBuildFile; fileRef = 831D132C240588170024BC49 /* 10VC.swift */; };
		832355ED2472D044000CC3C7 /* Data.xcdatamodeld in Sources */ = {isa = PBXBuildFile; fileRef = 832355EB2472D044000CC3C7 /* Data.xcdatamodeld */; };
		832355F32472E652000CC3C7 /* CoreDataManager.swift in Sources */ = {isa = PBXBuildFile; fileRef = 832355F22472E652000CC3C7 /* CoreDataManager.swift */; };
		832355F52472E782000CC3C7 /* Default-568h@2x.png in Resources */ = {isa = PBXBuildFile; fileRef = 832355F42472E782000CC3C7 /* Default-568h@2x.png */; };
		832355F72472E9A2000CC3C7 /* QuoteCoreData.swift in Sources */ = {isa = PBXBuildFile; fileRef = 832355F62472E9A2000CC3C7 /* QuoteCoreData.swift */; };
		8336265123928A030077A815 /* UsersActions.swift in Sources */ = {isa = PBXBuildFile; fileRef = 8336265023928A030077A815 /* UsersActions.swift */; };
		8336265323928A700077A815 /* UserActionsApi.swift in Sources */ = {isa = PBXBuildFile; fileRef = 8336265223928A700077A815 /* UserActionsApi.swift */; };
		8344A61A2451D4FD0009897B /* CorrelationApi.swift in Sources */ = {isa = PBXBuildFile; fileRef = 8344A6192451D4FD0009897B /* CorrelationApi.swift */; };
		8345388D238C42100082DF88 /* AppDelegate.swift in Sources */ = {isa = PBXBuildFile; fileRef = 8345388C238C42100082DF88 /* AppDelegate.swift */; };
		8345388F238C42100082DF88 /* SceneDelegate.swift in Sources */ = {isa = PBXBuildFile; fileRef = 8345388E238C42100082DF88 /* SceneDelegate.swift */; };
		83453896238C42120082DF88 /* Assets.xcassets in Resources */ = {isa = PBXBuildFile; fileRef = 83453895238C42120082DF88 /* Assets.xcassets */; };
		83453899238C42120082DF88 /* LaunchScreen.storyboard in Resources */ = {isa = PBXBuildFile; fileRef = 83453897238C42120082DF88 /* LaunchScreen.storyboard */; };
		834538A2238C485D0082DF88 /* AssetsData.swift in Sources */ = {isa = PBXBuildFile; fileRef = 834538A1238C485D0082DF88 /* AssetsData.swift */; };
		834538A7238C78800082DF88 /* PieChartVC.swift in Sources */ = {isa = PBXBuildFile; fileRef = 834538A5238C4C180082DF88 /* PieChartVC.swift */; };
		834538AD238C81830082DF88 /* Constants.swift in Sources */ = {isa = PBXBuildFile; fileRef = 834538AC238C81830082DF88 /* Constants.swift */; };
		835C45A2244908C200A7AC0A /* PieChartVC.swift in Sources */ = {isa = PBXBuildFile; fileRef = 834538A5238C4C180082DF88 /* PieChartVC.swift */; };
		83791685241A9F9B008C4B1E /* LoginStoryboard.storyboard in Resources */ = {isa = PBXBuildFile; fileRef = 83791684241A9F9B008C4B1E /* LoginStoryboard.storyboard */; };
		83791687241AA608008C4B1E /* LoginVC.swift in Sources */ = {isa = PBXBuildFile; fileRef = 83791686241AA608008C4B1E /* LoginVC.swift */; };
		83791689241AAA9C008C4B1E /* RoundedViews.swift in Sources */ = {isa = PBXBuildFile; fileRef = 83791688241AAA9B008C4B1E /* RoundedViews.swift */; };
		8379168C241AABC8008C4B1E /* ForgotPasswordVC.swift in Sources */ = {isa = PBXBuildFile; fileRef = 8379168B241AABC8008C4B1E /* ForgotPasswordVC.swift */; };
		8379168F241AAD35008C4B1E /* ForgotPasswordVC.xib in Resources */ = {isa = PBXBuildFile; fileRef = 8379168E241AAD35008C4B1E /* ForgotPasswordVC.xib */; };
		83791691241AAE7D008C4B1E /* Extensions.swift in Sources */ = {isa = PBXBuildFile; fileRef = 83791690241AAE7D008C4B1E /* Extensions.swift */; };
		837A957C2458C8FA009246AF /* AddTradeController.swift in Sources */ = {isa = PBXBuildFile; fileRef = 837A957A2458C8FA009246AF /* AddTradeController.swift */; };
		837A957D2458C8FA009246AF /* AddTradeController.xib in Resources */ = {isa = PBXBuildFile; fileRef = 837A957B2458C8FA009246AF /* AddTradeController.xib */; };
		837A95812458DE4E009246AF /* AddTransactionController.swift in Sources */ = {isa = PBXBuildFile; fileRef = 837A957F2458DE4E009246AF /* AddTransactionController.swift */; };
		837A95822458DE4E009246AF /* AddTransactionController.xib in Resources */ = {isa = PBXBuildFile; fileRef = 837A95802458DE4E009246AF /* AddTransactionController.xib */; };
		838610A92450893D002F1AD6 /* PieChartCell.swift in Sources */ = {isa = PBXBuildFile; fileRef = 83C3D93E244F760600DD0497 /* PieChartCell.swift */; };
		8389E26C244263F600B14A68 /* PortfoliosController.swift in Sources */ = {isa = PBXBuildFile; fileRef = 8389E26B244263F600B14A68 /* PortfoliosController.swift */; };
		8389E26E24426FF200B14A68 /* HeaderView.swift in Sources */ = {isa = PBXBuildFile; fileRef = 8389E26D24426FF200B14A68 /* HeaderView.swift */; };
		8389E271244285BC00B14A68 /* PortfolioCell.swift in Sources */ = {isa = PBXBuildFile; fileRef = 8389E26F244285BC00B14A68 /* PortfolioCell.swift */; };
		8389E272244285BC00B14A68 /* PortfolioCell.xib in Resources */ = {isa = PBXBuildFile; fileRef = 8389E270244285BC00B14A68 /* PortfolioCell.xib */; };
		8389E274244341CB00B14A68 /* PortfolioApi.swift in Sources */ = {isa = PBXBuildFile; fileRef = 8389E273244341CB00B14A68 /* PortfolioApi.swift */; };
		8389E2762443429D00B14A68 /* AddFileController.swift in Sources */ = {isa = PBXBuildFile; fileRef = 8389E2752443429D00B14A68 /* AddFileController.swift */; };
		8389E2782443542500B14A68 /* Portfolio.swift in Sources */ = {isa = PBXBuildFile; fileRef = 8389E2772443542500B14A68 /* Portfolio.swift */; };
		838E8C7E240E753800CBD811 /* ActiveCorrelationVC.swift in Sources */ = {isa = PBXBuildFile; fileRef = 838E8C7D240E753800CBD811 /* ActiveCorrelationVC.swift */; };
		83A8D1D52471C99E0001F60D /* SettingsController.swift in Sources */ = {isa = PBXBuildFile; fileRef = 83A8D1D42471C99E0001F60D /* SettingsController.swift */; };
		83BFE97A2433AC3D006CA7B6 /* ActiveCostApi.swift in Sources */ = {isa = PBXBuildFile; fileRef = 83BFE9792433AC3D006CA7B6 /* ActiveCostApi.swift */; };
		83BFE97F2434DFA5006CA7B6 /* getAssetsForActiveCost.swift in Sources */ = {isa = PBXBuildFile; fileRef = 83BFE97E2434DFA5006CA7B6 /* getAssetsForActiveCost.swift */; };
		83BFE9812434E05D006CA7B6 /* ActiveCostApi.swift in Sources */ = {isa = PBXBuildFile; fileRef = 83BFE9792433AC3D006CA7B6 /* ActiveCostApi.swift */; };
		83BFE9822434E082006CA7B6 /* InstrumentCorrelation.swift in Sources */ = {isa = PBXBuildFile; fileRef = 8314252F23FB11350086BED8 /* InstrumentCorrelation.swift */; };
		83BFE9832434E084006CA7B6 /* UsersActions.swift in Sources */ = {isa = PBXBuildFile; fileRef = 8336265023928A030077A815 /* UsersActions.swift */; };
		83BFE9842434E087006CA7B6 /* AssetsData.swift in Sources */ = {isa = PBXBuildFile; fileRef = 834538A1238C485D0082DF88 /* AssetsData.swift */; };
		83BFE9852434E0A6006CA7B6 /* LoginVC.swift in Sources */ = {isa = PBXBuildFile; fileRef = 83791686241AA608008C4B1E /* LoginVC.swift */; };
		83BFE9862434E0A8006CA7B6 /* RegisterVC.swift in Sources */ = {isa = PBXBuildFile; fileRef = 8309BAD7242A8ADA00E2E86C /* RegisterVC.swift */; };
		83BFE9872434E0AB006CA7B6 /* ForgotPasswordVC.swift in Sources */ = {isa = PBXBuildFile; fileRef = 8379168B241AABC8008C4B1E /* ForgotPasswordVC.swift */; };
		83BFE9882434E0B8006CA7B6 /* Constants.swift in Sources */ = {isa = PBXBuildFile; fileRef = 834538AC238C81830082DF88 /* Constants.swift */; };
		83BFE9892434E0BA006CA7B6 /* Extensions.swift in Sources */ = {isa = PBXBuildFile; fileRef = 83791690241AAE7D008C4B1E /* Extensions.swift */; };
		83BFE98C2434E201006CA7B6 /* LineChartVCCharts.swift in Sources */ = {isa = PBXBuildFile; fileRef = 83E4FB24239D49EC0013D703 /* LineChartVCCharts.swift */; };
		83BFE98D2434E203006CA7B6 /* StackedBarChartVC.swift in Sources */ = {isa = PBXBuildFile; fileRef = 83E4FB2A239EF6D10013D703 /* StackedBarChartVC.swift */; };
		83BFE98F2434E208006CA7B6 /* 10VC.swift in Sources */ = {isa = PBXBuildFile; fileRef = 831D132C240588170024BC49 /* 10VC.swift */; };
		83BFE9902434E20B006CA7B6 /* ActiveCorrelationVC.swift in Sources */ = {isa = PBXBuildFile; fileRef = 838E8C7D240E753800CBD811 /* ActiveCorrelationVC.swift */; };
		83BFE9912434E214006CA7B6 /* RoundedViews.swift in Sources */ = {isa = PBXBuildFile; fileRef = 83791688241AAA9B008C4B1E /* RoundedViews.swift */; };
		83BFE9922434E216006CA7B6 /* QuoteCell.swift in Sources */ = {isa = PBXBuildFile; fileRef = 8314252B23FACCC30086BED8 /* QuoteCell.swift */; };
		83BFE9932434E219006CA7B6 /* BalloonMarker.swift in Sources */ = {isa = PBXBuildFile; fileRef = 83E4FB26239D56D20013D703 /* BalloonMarker.swift */; };
		83BFE9942434E22B006CA7B6 /* DateValueFormatter.swift in Sources */ = {isa = PBXBuildFile; fileRef = 83E4FB28239DD0860013D703 /* DateValueFormatter.swift */; };
		83BFE9952434E22D006CA7B6 /* UserActionsApi.swift in Sources */ = {isa = PBXBuildFile; fileRef = 8336265223928A700077A815 /* UserActionsApi.swift */; };
		83BFE9962434E22F006CA7B6 /* AuthApi.swift in Sources */ = {isa = PBXBuildFile; fileRef = 8309BAD9242A911900E2E86C /* AuthApi.swift */; };
		83BFE99824361115006CA7B6 /*  IncomeAssetAndPortfolio.swift in Sources */ = {isa = PBXBuildFile; fileRef = 83BFE99724361115006CA7B6 /*  IncomeAssetAndPortfolio.swift */; };
		83BFE99A24365A04006CA7B6 /* IncomeTests.swift in Sources */ = {isa = PBXBuildFile; fileRef = 83BFE99924365A04006CA7B6 /* IncomeTests.swift */; };
		83BFE99B24365A50006CA7B6 /*  IncomeAssetAndPortfolio.swift in Sources */ = {isa = PBXBuildFile; fileRef = 83BFE99724361115006CA7B6 /*  IncomeAssetAndPortfolio.swift */; };
		83C3D940244F760600DD0497 /* PieChartCell.swift in Sources */ = {isa = PBXBuildFile; fileRef = 83C3D93E244F760600DD0497 /* PieChartCell.swift */; };
		83C3D941244F760600DD0497 /* PieChartCell.xib in Resources */ = {isa = PBXBuildFile; fileRef = 83C3D93F244F760600DD0497 /* PieChartCell.xib */; };
		83E4FB25239D49EC0013D703 /* LineChartVCCharts.swift in Sources */ = {isa = PBXBuildFile; fileRef = 83E4FB24239D49EC0013D703 /* LineChartVCCharts.swift */; };
		83E4FB27239D56D20013D703 /* BalloonMarker.swift in Sources */ = {isa = PBXBuildFile; fileRef = 83E4FB26239D56D20013D703 /* BalloonMarker.swift */; };
		83E4FB29239DD0860013D703 /* DateValueFormatter.swift in Sources */ = {isa = PBXBuildFile; fileRef = 83E4FB28239DD0860013D703 /* DateValueFormatter.swift */; };
		83E4FB2B239EF6D10013D703 /* StackedBarChartVC.swift in Sources */ = {isa = PBXBuildFile; fileRef = 83E4FB2A239EF6D10013D703 /* StackedBarChartVC.swift */; };
		83E4FB2D239F32850013D703 /* main.storyboard in Resources */ = {isa = PBXBuildFile; fileRef = 83E4FB2C239F32850013D703 /* main.storyboard */; };
		83FFB8D02475B6D100F33E84 /* SyncCoordinator.swift in Sources */ = {isa = PBXBuildFile; fileRef = 83FFB8CF2475B6D100F33E84 /* SyncCoordinator.swift */; };
		83FFB8D12478885100F33E84 /* CoreDataManager.swift in Sources */ = {isa = PBXBuildFile; fileRef = 832355F22472E652000CC3C7 /* CoreDataManager.swift */; };
		83FFB8D22478885400F33E84 /* QuoteCoreData.swift in Sources */ = {isa = PBXBuildFile; fileRef = 832355F62472E9A2000CC3C7 /* QuoteCoreData.swift */; };
		83FFB8D32478885700F33E84 /* SyncCoordinator.swift in Sources */ = {isa = PBXBuildFile; fileRef = 83FFB8CF2475B6D100F33E84 /* SyncCoordinator.swift */; };
		83FFB8D42478885A00F33E84 /* Portfolio.swift in Sources */ = {isa = PBXBuildFile; fileRef = 8389E2772443542500B14A68 /* Portfolio.swift */; };
		83FFB8D5247888B900F33E84 /* CorrelationApi.swift in Sources */ = {isa = PBXBuildFile; fileRef = 8344A6192451D4FD0009897B /* CorrelationApi.swift */; };
		CD9F127B7DA0D35F3914CF9B /* libPods-graphs.a in Frameworks */ = {isa = PBXBuildFile; fileRef = 8ABF099B51D15B66CF2FC876 /* libPods-graphs.a */; };
/* End PBXBuildFile section */

/* Begin PBXContainerItemProxy section */
		8336265D239456ED0077A815 /* PBXContainerItemProxy */ = {
			isa = PBXContainerItemProxy;
			containerPortal = 83453881238C42100082DF88 /* Project object */;
			proxyType = 1;
			remoteGlobalIDString = 83453888238C42100082DF88;
			remoteInfo = graphs;
		};
/* End PBXContainerItemProxy section */

/* Begin PBXFileReference section */
		1E6D5C56656067A2D0617B47 /* Pods-graphsTests.debug.xcconfig */ = {isa = PBXFileReference; includeInIndex = 1; lastKnownFileType = text.xcconfig; name = "Pods-graphsTests.debug.xcconfig"; path = "Pods/Target Support Files/Pods-graphsTests/Pods-graphsTests.debug.xcconfig"; sourceTree = "<group>"; };
		51A4052D77275042D5ACA0E1 /* Pods-graphs.debug.xcconfig */ = {isa = PBXFileReference; includeInIndex = 1; lastKnownFileType = text.xcconfig; name = "Pods-graphs.debug.xcconfig"; path = "Pods/Target Support Files/Pods-graphs/Pods-graphs.debug.xcconfig"; sourceTree = "<group>"; };
		8309BAD7242A8ADA00E2E86C /* RegisterVC.swift */ = {isa = PBXFileReference; fileEncoding = 4; lastKnownFileType = sourcecode.swift; path = RegisterVC.swift; sourceTree = "<group>"; };
		8309BAD9242A911900E2E86C /* AuthApi.swift */ = {isa = PBXFileReference; lastKnownFileType = sourcecode.swift; path = AuthApi.swift; sourceTree = "<group>"; };
		8314252623F9B8050086BED8 /* CorellationVC.swift */ = {isa = PBXFileReference; lastKnownFileType = sourcecode.swift; path = CorellationVC.swift; sourceTree = "<group>"; };
		8314252B23FACCC30086BED8 /* QuoteCell.swift */ = {isa = PBXFileReference; lastKnownFileType = sourcecode.swift; path = QuoteCell.swift; sourceTree = "<group>"; };
		8314252C23FACCC30086BED8 /* quoteCell.xib */ = {isa = PBXFileReference; lastKnownFileType = file.xib; path = quoteCell.xib; sourceTree = "<group>"; };
		8314252F23FB11350086BED8 /* InstrumentCorrelation.swift */ = {isa = PBXFileReference; lastKnownFileType = sourcecode.swift; path = InstrumentCorrelation.swift; sourceTree = "<group>"; };
		8314253723FC6E530086BED8 /* AddIInstrumentVC.swift */ = {isa = PBXFileReference; lastKnownFileType = sourcecode.swift; path = AddIInstrumentVC.swift; sourceTree = "<group>"; };
		8314253923FD5F020086BED8 /* CorrelationGraphVC.swift */ = {isa = PBXFileReference; lastKnownFileType = sourcecode.swift; path = CorrelationGraphVC.swift; sourceTree = "<group>"; };
		831BC316243B75BF007C7D64 /* TransactionApi.swift */ = {isa = PBXFileReference; lastKnownFileType = sourcecode.swift; path = TransactionApi.swift; sourceTree = "<group>"; };
		831BC320243B7D7E007C7D64 /* TransactionTests.swift */ = {isa = PBXFileReference; lastKnownFileType = sourcecode.swift; path = TransactionTests.swift; sourceTree = "<group>"; };
		831BC322243B7D7E007C7D64 /* Info.plist */ = {isa = PBXFileReference; lastKnownFileType = text.plist.xml; path = Info.plist; sourceTree = "<group>"; };
		831BC328243B7E3E007C7D64 /* TransactionTests.swift */ = {isa = PBXFileReference; fileEncoding = 4; lastKnownFileType = sourcecode.swift; path = TransactionTests.swift; sourceTree = "<group>"; };
		831D132C240588170024BC49 /* 10VC.swift */ = {isa = PBXFileReference; lastKnownFileType = sourcecode.swift; path = 10VC.swift; sourceTree = "<group>"; };
		832355EC2472D044000CC3C7 /* Data.xcdatamodel */ = {isa = PBXFileReference; lastKnownFileType = wrapper.xcdatamodel; path = Data.xcdatamodel; sourceTree = "<group>"; };
		832355F22472E652000CC3C7 /* CoreDataManager.swift */ = {isa = PBXFileReference; lastKnownFileType = sourcecode.swift; path = CoreDataManager.swift; sourceTree = "<group>"; };
		832355F42472E782000CC3C7 /* Default-568h@2x.png */ = {isa = PBXFileReference; lastKnownFileType = image.png; path = "Default-568h@2x.png"; sourceTree = "<group>"; };
		832355F62472E9A2000CC3C7 /* QuoteCoreData.swift */ = {isa = PBXFileReference; lastKnownFileType = sourcecode.swift; path = QuoteCoreData.swift; sourceTree = "<group>"; };
		8336265023928A030077A815 /* UsersActions.swift */ = {isa = PBXFileReference; lastKnownFileType = sourcecode.swift; path = UsersActions.swift; sourceTree = "<group>"; };
		8336265223928A700077A815 /* UserActionsApi.swift */ = {isa = PBXFileReference; lastKnownFileType = sourcecode.swift; path = UserActionsApi.swift; sourceTree = "<group>"; xcLanguageSpecificationIdentifier = xcode.lang.swift; };
		83362658239456ED0077A815 /* graphsTests.xctest */ = {isa = PBXFileReference; explicitFileType = wrapper.cfbundle; includeInIndex = 0; path = graphsTests.xctest; sourceTree = BUILT_PRODUCTS_DIR; };
		8336265C239456ED0077A815 /* Info.plist */ = {isa = PBXFileReference; lastKnownFileType = text.plist.xml; path = Info.plist; sourceTree = "<group>"; };
		8344A6192451D4FD0009897B /* CorrelationApi.swift */ = {isa = PBXFileReference; lastKnownFileType = sourcecode.swift; path = CorrelationApi.swift; sourceTree = "<group>"; };
		83453889238C42100082DF88 /* graphs.app */ = {isa = PBXFileReference; explicitFileType = wrapper.application; includeInIndex = 0; path = graphs.app; sourceTree = BUILT_PRODUCTS_DIR; };
		8345388C238C42100082DF88 /* AppDelegate.swift */ = {isa = PBXFileReference; lastKnownFileType = sourcecode.swift; path = AppDelegate.swift; sourceTree = "<group>"; };
		8345388E238C42100082DF88 /* SceneDelegate.swift */ = {isa = PBXFileReference; lastKnownFileType = sourcecode.swift; path = SceneDelegate.swift; sourceTree = "<group>"; };
		83453895238C42120082DF88 /* Assets.xcassets */ = {isa = PBXFileReference; lastKnownFileType = folder.assetcatalog; path = Assets.xcassets; sourceTree = "<group>"; };
		83453898238C42120082DF88 /* Base */ = {isa = PBXFileReference; lastKnownFileType = file.storyboard; name = Base; path = Base.lproj/LaunchScreen.storyboard; sourceTree = "<group>"; };
		8345389A238C42120082DF88 /* Info.plist */ = {isa = PBXFileReference; lastKnownFileType = text.plist.xml; path = Info.plist; sourceTree = "<group>"; };
		834538A1238C485D0082DF88 /* AssetsData.swift */ = {isa = PBXFileReference; lastKnownFileType = sourcecode.swift; path = AssetsData.swift; sourceTree = "<group>"; };
		834538A5238C4C180082DF88 /* PieChartVC.swift */ = {isa = PBXFileReference; lastKnownFileType = sourcecode.swift; path = PieChartVC.swift; sourceTree = "<group>"; };
		834538AC238C81830082DF88 /* Constants.swift */ = {isa = PBXFileReference; lastKnownFileType = sourcecode.swift; path = Constants.swift; sourceTree = "<group>"; };
		83791684241A9F9B008C4B1E /* LoginStoryboard.storyboard */ = {isa = PBXFileReference; lastKnownFileType = file.storyboard; path = LoginStoryboard.storyboard; sourceTree = "<group>"; };
		83791686241AA608008C4B1E /* LoginVC.swift */ = {isa = PBXFileReference; lastKnownFileType = sourcecode.swift; path = LoginVC.swift; sourceTree = "<group>"; };
		83791688241AAA9B008C4B1E /* RoundedViews.swift */ = {isa = PBXFileReference; fileEncoding = 4; lastKnownFileType = sourcecode.swift; path = RoundedViews.swift; sourceTree = "<group>"; };
		8379168B241AABC8008C4B1E /* ForgotPasswordVC.swift */ = {isa = PBXFileReference; fileEncoding = 4; lastKnownFileType = sourcecode.swift; path = ForgotPasswordVC.swift; sourceTree = "<group>"; };
		8379168E241AAD35008C4B1E /* ForgotPasswordVC.xib */ = {isa = PBXFileReference; fileEncoding = 4; lastKnownFileType = file.xib; path = ForgotPasswordVC.xib; sourceTree = "<group>"; };
		83791690241AAE7D008C4B1E /* Extensions.swift */ = {isa = PBXFileReference; lastKnownFileType = sourcecode.swift; path = Extensions.swift; sourceTree = "<group>"; };
		837A957A2458C8FA009246AF /* AddTradeController.swift */ = {isa = PBXFileReference; lastKnownFileType = sourcecode.swift; path = AddTradeController.swift; sourceTree = "<group>"; };
		837A957B2458C8FA009246AF /* AddTradeController.xib */ = {isa = PBXFileReference; lastKnownFileType = file.xib; path = AddTradeController.xib; sourceTree = "<group>"; };
		837A957F2458DE4E009246AF /* AddTransactionController.swift */ = {isa = PBXFileReference; lastKnownFileType = sourcecode.swift; path = AddTransactionController.swift; sourceTree = "<group>"; };
		837A95802458DE4E009246AF /* AddTransactionController.xib */ = {isa = PBXFileReference; lastKnownFileType = file.xib; path = AddTransactionController.xib; sourceTree = "<group>"; };
		8389E26B244263F600B14A68 /* PortfoliosController.swift */ = {isa = PBXFileReference; lastKnownFileType = sourcecode.swift; path = PortfoliosController.swift; sourceTree = "<group>"; };
		8389E26D24426FF200B14A68 /* HeaderView.swift */ = {isa = PBXFileReference; lastKnownFileType = sourcecode.swift; path = HeaderView.swift; sourceTree = "<group>"; };
		8389E26F244285BC00B14A68 /* PortfolioCell.swift */ = {isa = PBXFileReference; lastKnownFileType = sourcecode.swift; path = PortfolioCell.swift; sourceTree = "<group>"; };
		8389E270244285BC00B14A68 /* PortfolioCell.xib */ = {isa = PBXFileReference; lastKnownFileType = file.xib; path = PortfolioCell.xib; sourceTree = "<group>"; };
		8389E273244341CB00B14A68 /* PortfolioApi.swift */ = {isa = PBXFileReference; lastKnownFileType = sourcecode.swift; path = PortfolioApi.swift; sourceTree = "<group>"; };
		8389E2752443429D00B14A68 /* AddFileController.swift */ = {isa = PBXFileReference; lastKnownFileType = sourcecode.swift; path = AddFileController.swift; sourceTree = "<group>"; };
		8389E2772443542500B14A68 /* Portfolio.swift */ = {isa = PBXFileReference; lastKnownFileType = sourcecode.swift; path = Portfolio.swift; sourceTree = "<group>"; };
		838E8C7D240E753800CBD811 /* ActiveCorrelationVC.swift */ = {isa = PBXFileReference; lastKnownFileType = sourcecode.swift; path = ActiveCorrelationVC.swift; sourceTree = "<group>"; };
		83A8D1D42471C99E0001F60D /* SettingsController.swift */ = {isa = PBXFileReference; fileEncoding = 4; lastKnownFileType = sourcecode.swift; path = SettingsController.swift; sourceTree = "<group>"; };
		83BFE9792433AC3D006CA7B6 /* ActiveCostApi.swift */ = {isa = PBXFileReference; lastKnownFileType = sourcecode.swift; path = ActiveCostApi.swift; sourceTree = "<group>"; };
		83BFE97E2434DFA5006CA7B6 /* getAssetsForActiveCost.swift */ = {isa = PBXFileReference; fileEncoding = 4; lastKnownFileType = sourcecode.swift; path = getAssetsForActiveCost.swift; sourceTree = "<group>"; };
		83BFE99724361115006CA7B6 /*  IncomeAssetAndPortfolio.swift */ = {isa = PBXFileReference; lastKnownFileType = sourcecode.swift; path = " IncomeAssetAndPortfolio.swift"; sourceTree = "<group>"; };
		83BFE99924365A04006CA7B6 /* IncomeTests.swift */ = {isa = PBXFileReference; lastKnownFileType = sourcecode.swift; path = IncomeTests.swift; sourceTree = "<group>"; };
		83C3D93E244F760600DD0497 /* PieChartCell.swift */ = {isa = PBXFileReference; lastKnownFileType = sourcecode.swift; path = PieChartCell.swift; sourceTree = "<group>"; };
		83C3D93F244F760600DD0497 /* PieChartCell.xib */ = {isa = PBXFileReference; lastKnownFileType = file.xib; path = PieChartCell.xib; sourceTree = "<group>"; };
		83E200B52453114B00D93DD5 /* Roboto-Bold.ttf */ = {isa = PBXFileReference; lastKnownFileType = file; name = "Roboto-Bold.ttf"; path = "../../../../../../../Downloads/roboto/Roboto-Bold.ttf"; sourceTree = "<group>"; };
		83E4FB24239D49EC0013D703 /* LineChartVCCharts.swift */ = {isa = PBXFileReference; lastKnownFileType = sourcecode.swift; path = LineChartVCCharts.swift; sourceTree = "<group>"; };
		83E4FB26239D56D20013D703 /* BalloonMarker.swift */ = {isa = PBXFileReference; fileEncoding = 4; lastKnownFileType = sourcecode.swift; path = BalloonMarker.swift; sourceTree = "<group>"; };
		83E4FB28239DD0860013D703 /* DateValueFormatter.swift */ = {isa = PBXFileReference; fileEncoding = 4; lastKnownFileType = sourcecode.swift; path = DateValueFormatter.swift; sourceTree = "<group>"; };
		83E4FB2A239EF6D10013D703 /* StackedBarChartVC.swift */ = {isa = PBXFileReference; lastKnownFileType = sourcecode.swift; path = StackedBarChartVC.swift; sourceTree = "<group>"; };
		83E4FB2C239F32850013D703 /* main.storyboard */ = {isa = PBXFileReference; fileEncoding = 4; lastKnownFileType = file.storyboard; path = main.storyboard; sourceTree = "<group>"; };
		83FFB8CF2475B6D100F33E84 /* SyncCoordinator.swift */ = {isa = PBXFileReference; lastKnownFileType = sourcecode.swift; path = SyncCoordinator.swift; sourceTree = "<group>"; };
		8A47654B91C5727AC9DED804 /* libPods-graphsTests.a */ = {isa = PBXFileReference; explicitFileType = archive.ar; includeInIndex = 0; path = "libPods-graphsTests.a"; sourceTree = BUILT_PRODUCTS_DIR; };
		8ABF099B51D15B66CF2FC876 /* libPods-graphs.a */ = {isa = PBXFileReference; explicitFileType = archive.ar; includeInIndex = 0; path = "libPods-graphs.a"; sourceTree = BUILT_PRODUCTS_DIR; };
		963FEB08E51EC6285DB293A2 /* Pods-graphs.release.xcconfig */ = {isa = PBXFileReference; includeInIndex = 1; lastKnownFileType = text.xcconfig; name = "Pods-graphs.release.xcconfig"; path = "Pods/Target Support Files/Pods-graphs/Pods-graphs.release.xcconfig"; sourceTree = "<group>"; };
		A98879D770D7592A638A14F8 /* Pods-graphsTests.release.xcconfig */ = {isa = PBXFileReference; includeInIndex = 1; lastKnownFileType = text.xcconfig; name = "Pods-graphsTests.release.xcconfig"; path = "Pods/Target Support Files/Pods-graphsTests/Pods-graphsTests.release.xcconfig"; sourceTree = "<group>"; };
/* End PBXFileReference section */

/* Begin PBXFrameworksBuildPhase section */
		83362655239456ED0077A815 /* Frameworks */ = {
			isa = PBXFrameworksBuildPhase;
			buildActionMask = 2147483647;
			files = (
				6C726C817C51F41399172E23 /* libPods-graphsTests.a in Frameworks */,
			);
			runOnlyForDeploymentPostprocessing = 0;
		};
		83453886238C42100082DF88 /* Frameworks */ = {
			isa = PBXFrameworksBuildPhase;
			buildActionMask = 2147483647;
			files = (
				CD9F127B7DA0D35F3914CF9B /* libPods-graphs.a in Frameworks */,
			);
			runOnlyForDeploymentPostprocessing = 0;
		};
/* End PBXFrameworksBuildPhase section */

/* Begin PBXGroup section */
		0EB89CC4EE7AC38DE7FEB115 /* Pods */ = {
			isa = PBXGroup;
			children = (
				51A4052D77275042D5ACA0E1 /* Pods-graphs.debug.xcconfig */,
				963FEB08E51EC6285DB293A2 /* Pods-graphs.release.xcconfig */,
				1E6D5C56656067A2D0617B47 /* Pods-graphsTests.debug.xcconfig */,
				A98879D770D7592A638A14F8 /* Pods-graphsTests.release.xcconfig */,
			);
			name = Pods;
			sourceTree = "<group>";
		};
		44719E3F5D5E546E650D6884 /* Frameworks */ = {
			isa = PBXGroup;
			children = (
				8ABF099B51D15B66CF2FC876 /* libPods-graphs.a */,
				8A47654B91C5727AC9DED804 /* libPods-graphsTests.a */,
			);
			name = Frameworks;
			sourceTree = "<group>";
		};
		8314252823FACAE80086BED8 /* Nib */ = {
			isa = PBXGroup;
			children = (
				83C3D93F244F760600DD0497 /* PieChartCell.xib */,
				8314252C23FACCC30086BED8 /* quoteCell.xib */,
				8389E270244285BC00B14A68 /* PortfolioCell.xib */,
			);
			path = Nib;
			sourceTree = "<group>";
		};
		831BC31F243B7D7E007C7D64 /* TransactionTests */ = {
			isa = PBXGroup;
			children = (
				831BC320243B7D7E007C7D64 /* TransactionTests.swift */,
				831BC322243B7D7E007C7D64 /* Info.plist */,
			);
			path = TransactionTests;
			sourceTree = "<group>";
		};
		833212D32431FB30006F1C06 /* Presentation */ = {
			isa = PBXGroup;
			children = (
				83791683241A9F5D008C4B1E /* Storyboards */,
				834538A4238C4BF00082DF88 /* Controller */,
				8314252823FACAE80086BED8 /* Nib */,
				8379168D241AAD35008C4B1E /* XIBs */,
				834538A3238C4BE60082DF88 /* View */,
				833212D62431FC71006F1C06 /* System */,
			);
			path = Presentation;
			sourceTree = "<group>";
		};
		833212D52431FC33006F1C06 /* Api */ = {
			isa = PBXGroup;
			children = (
				83BFE9782433ABED006CA7B6 /* GraphsApi */,
				83E4FB28239DD0860013D703 /* DateValueFormatter.swift */,
				8336265223928A700077A815 /* UserActionsApi.swift */,
				8309BAD9242A911900E2E86C /* AuthApi.swift */,
				8389E273244341CB00B14A68 /* PortfolioApi.swift */,
			);
			path = Api;
			sourceTree = "<group>";
		};
		833212D62431FC71006F1C06 /* System */ = {
			isa = PBXGroup;
			children = (
				8345388E238C42100082DF88 /* SceneDelegate.swift */,
				8345388C238C42100082DF88 /* AppDelegate.swift */,
				83453895238C42120082DF88 /* Assets.xcassets */,
			);
			path = System;
			sourceTree = "<group>";
		};
		83362659239456ED0077A815 /* graphsTests */ = {
			isa = PBXGroup;
			children = (
				83BFE97E2434DFA5006CA7B6 /* getAssetsForActiveCost.swift */,
				83BFE99924365A04006CA7B6 /* IncomeTests.swift */,
				831BC328243B7E3E007C7D64 /* TransactionTests.swift */,
				8336265C239456ED0077A815 /* Info.plist */,
			);
			path = graphsTests;
			sourceTree = "<group>";
		};
		8344A61B2451DDC20009897B /* LineChart */ = {
			isa = PBXGroup;
			children = (
				83E4FB24239D49EC0013D703 /* LineChartVCCharts.swift */,
			);
			path = LineChart;
			sourceTree = "<group>";
		};
		8344A61C2451DDD00009897B /* Incomes */ = {
			isa = PBXGroup;
			children = (
				831D132C240588170024BC49 /* 10VC.swift */,
			);
			path = Incomes;
			sourceTree = "<group>";
		};
		83453880238C42100082DF88 = {
			isa = PBXGroup;
			children = (
				832355F42472E782000CC3C7 /* Default-568h@2x.png */,
				8345388B238C42100082DF88 /* graphs */,
				83362659239456ED0077A815 /* graphsTests */,
				831BC31F243B7D7E007C7D64 /* TransactionTests */,
				8345388A238C42100082DF88 /* Products */,
				0EB89CC4EE7AC38DE7FEB115 /* Pods */,
				44719E3F5D5E546E650D6884 /* Frameworks */,
			);
			sourceTree = "<group>";
		};
		8345388A238C42100082DF88 /* Products */ = {
			isa = PBXGroup;
			children = (
				83453889238C42100082DF88 /* graphs.app */,
				83362658239456ED0077A815 /* graphsTests.xctest */,
			);
			name = Products;
			sourceTree = "<group>";
		};
		8345388B238C42100082DF88 /* graphs */ = {
			isa = PBXGroup;
			children = (
				833212D32431FB30006F1C06 /* Presentation */,
				834538A8238C80C20082DF88 /* Services */,
				832355EB2472D044000CC3C7 /* Data.xcdatamodeld */,
				8345389A238C42120082DF88 /* Info.plist */,
			);
			path = graphs;
			sourceTree = "<group>";
		};
		834538A0238C47E30082DF88 /* Model */ = {
			isa = PBXGroup;
			children = (
				834538A1238C485D0082DF88 /* AssetsData.swift */,
				8336265023928A030077A815 /* UsersActions.swift */,
				8314252F23FB11350086BED8 /* InstrumentCorrelation.swift */,
				8389E2772443542500B14A68 /* Portfolio.swift */,
				832355F22472E652000CC3C7 /* CoreDataManager.swift */,
				832355F62472E9A2000CC3C7 /* QuoteCoreData.swift */,
				83FFB8CF2475B6D100F33E84 /* SyncCoordinator.swift */,
			);
			path = Model;
			sourceTree = "<group>";
		};
		834538A3238C4BE60082DF88 /* View */ = {
			isa = PBXGroup;
			children = (
				8389E26F244285BC00B14A68 /* PortfolioCell.swift */,
				83791688241AAA9B008C4B1E /* RoundedViews.swift */,
				8314252B23FACCC30086BED8 /* QuoteCell.swift */,
				83E4FB26239D56D20013D703 /* BalloonMarker.swift */,
				8389E26D24426FF200B14A68 /* HeaderView.swift */,
			);
			path = View;
			sourceTree = "<group>";
		};
		834538A4238C4BF00082DF88 /* Controller */ = {
			isa = PBXGroup;
			children = (
				8379168A241AABA3008C4B1E /* Login */,
				8389E268244262E500B14A68 /* Portfolio */,
				83C3D93D244F75B400DD0497 /* PieChart */,
				8344A61B2451DDC20009897B /* LineChart */,
				83F033252452354A007235E8 /* StackPortfolio */,
				838E8C7F240E757100CBD811 /* Correlation */,
				837A95772457915D009246AF /* ActiveCorrelation */,
				8344A61C2451DDD00009897B /* Incomes */,
				83756CA32471B64F0045F1C0 /* Settings */,
			);
			path = Controller;
			sourceTree = "<group>";
		};
		834538A8238C80C20082DF88 /* Services */ = {
			isa = PBXGroup;
			children = (
				834538A0238C47E30082DF88 /* Model */,
				833212D52431FC33006F1C06 /* Api */,
				834538AB238C81760082DF88 /* Utils */,
			);
			path = Services;
			sourceTree = "<group>";
		};
		834538AB238C81760082DF88 /* Utils */ = {
			isa = PBXGroup;
			children = (
				834538AC238C81830082DF88 /* Constants.swift */,
				83791690241AAE7D008C4B1E /* Extensions.swift */,
				83E200B52453114B00D93DD5 /* Roboto-Bold.ttf */,
			);
			path = Utils;
			sourceTree = "<group>";
		};
		83756CA32471B64F0045F1C0 /* Settings */ = {
			isa = PBXGroup;
			children = (
				83A8D1D42471C99E0001F60D /* SettingsController.swift */,
			);
			path = Settings;
			sourceTree = "<group>";
		};
		83791683241A9F5D008C4B1E /* Storyboards */ = {
			isa = PBXGroup;
			children = (
				83453897238C42120082DF88 /* LaunchScreen.storyboard */,
				83E4FB2C239F32850013D703 /* main.storyboard */,
				83791684241A9F9B008C4B1E /* LoginStoryboard.storyboard */,
			);
			path = Storyboards;
			sourceTree = "<group>";
		};
		8379168A241AABA3008C4B1E /* Login */ = {
			isa = PBXGroup;
			children = (
				83791686241AA608008C4B1E /* LoginVC.swift */,
				8379168B241AABC8008C4B1E /* ForgotPasswordVC.swift */,
				8309BAD7242A8ADA00E2E86C /* RegisterVC.swift */,
			);
			path = Login;
			sourceTree = "<group>";
		};
		8379168D241AAD35008C4B1E /* XIBs */ = {
			isa = PBXGroup;
			children = (
				8379168E241AAD35008C4B1E /* ForgotPasswordVC.xib */,
				837A957B2458C8FA009246AF /* AddTradeController.xib */,
				837A95802458DE4E009246AF /* AddTransactionController.xib */,
			);
			name = XIBs;
			path = graphs/Presentation/XIBs;
			sourceTree = SOURCE_ROOT;
		};
		837A95772457915D009246AF /* ActiveCorrelation */ = {
			isa = PBXGroup;
			children = (
				838E8C7D240E753800CBD811 /* ActiveCorrelationVC.swift */,
			);
			path = ActiveCorrelation;
			sourceTree = "<group>";
		};
		837A957E2458C910009246AF /* AddControllers */ = {
			isa = PBXGroup;
			children = (
				837A957A2458C8FA009246AF /* AddTradeController.swift */,
				837A957F2458DE4E009246AF /* AddTransactionController.swift */,
			);
			path = AddControllers;
			sourceTree = "<group>";
		};
		8389E268244262E500B14A68 /* Portfolio */ = {
			isa = PBXGroup;
			children = (
				8389E26B244263F600B14A68 /* PortfoliosController.swift */,
				8389E2752443429D00B14A68 /* AddFileController.swift */,
				837A957E2458C910009246AF /* AddControllers */,
			);
			path = Portfolio;
			sourceTree = "<group>";
		};
		838E8C7F240E757100CBD811 /* Correlation */ = {
			isa = PBXGroup;
			children = (
				8314252623F9B8050086BED8 /* CorellationVC.swift */,
				8314253723FC6E530086BED8 /* AddIInstrumentVC.swift */,
				8314253923FD5F020086BED8 /* CorrelationGraphVC.swift */,
			);
			path = Correlation;
			sourceTree = "<group>";
		};
		83BFE9782433ABED006CA7B6 /* GraphsApi */ = {
			isa = PBXGroup;
			children = (
				83BFE9792433AC3D006CA7B6 /* ActiveCostApi.swift */,
				83BFE99724361115006CA7B6 /*  IncomeAssetAndPortfolio.swift */,
				831BC316243B75BF007C7D64 /* TransactionApi.swift */,
				8344A6192451D4FD0009897B /* CorrelationApi.swift */,
			);
			path = GraphsApi;
			sourceTree = "<group>";
		};
		83C3D93D244F75B400DD0497 /* PieChart */ = {
			isa = PBXGroup;
			children = (
				834538A5238C4C180082DF88 /* PieChartVC.swift */,
				83C3D93E244F760600DD0497 /* PieChartCell.swift */,
			);
			path = PieChart;
			sourceTree = "<group>";
		};
		83F033252452354A007235E8 /* StackPortfolio */ = {
			isa = PBXGroup;
			children = (
				83E4FB2A239EF6D10013D703 /* StackedBarChartVC.swift */,
			);
			path = StackPortfolio;
			sourceTree = "<group>";
		};
/* End PBXGroup section */

/* Begin PBXNativeTarget section */
		83362657239456ED0077A815 /* graphsTests */ = {
			isa = PBXNativeTarget;
			buildConfigurationList = 8336265F239456ED0077A815 /* Build configuration list for PBXNativeTarget "graphsTests" */;
			buildPhases = (
				3A63A36DC6636259D970F709 /* [CP] Check Pods Manifest.lock */,
				83362654239456ED0077A815 /* Sources */,
				83362655239456ED0077A815 /* Frameworks */,
				83362656239456ED0077A815 /* Resources */,
			);
			buildRules = (
			);
			dependencies = (
				8336265E239456ED0077A815 /* PBXTargetDependency */,
			);
			name = graphsTests;
			productName = graphsTests;
			productReference = 83362658239456ED0077A815 /* graphsTests.xctest */;
			productType = "com.apple.product-type.bundle.unit-test";
		};
		83453888238C42100082DF88 /* graphs */ = {
			isa = PBXNativeTarget;
			buildConfigurationList = 8345389D238C42120082DF88 /* Build configuration list for PBXNativeTarget "graphs" */;
			buildPhases = (
				6F6F2496854E83A349617C82 /* [CP] Check Pods Manifest.lock */,
				83453885238C42100082DF88 /* Sources */,
				83453886238C42100082DF88 /* Frameworks */,
				83453887238C42100082DF88 /* Resources */,
				DD95D9C2BE71BF66CE368031 /* [CP] Copy Pods Resources */,
				83E41BFC2421824800EB5307 /* ShellScript */,
			);
			buildRules = (
			);
			dependencies = (
			);
			name = graphs;
			productName = graphs;
			productReference = 83453889238C42100082DF88 /* graphs.app */;
			productType = "com.apple.product-type.application";
		};
/* End PBXNativeTarget section */

/* Begin PBXProject section */
		83453881238C42100082DF88 /* Project object */ = {
			isa = PBXProject;
			attributes = {
				LastSwiftUpdateCheck = 1140;
				LastUpgradeCheck = 1130;
				ORGANIZATIONNAME = "Danila Ferents";
				TargetAttributes = {
					83362657239456ED0077A815 = {
						CreatedOnToolsVersion = 11.2.1;
						LastSwiftMigration = 1140;
						TestTargetID = 83453888238C42100082DF88;
					};
					83453888238C42100082DF88 = {
						CreatedOnToolsVersion = 11.2.1;
					};
				};
			};
			buildConfigurationList = 83453884238C42100082DF88 /* Build configuration list for PBXProject "graphs" */;
			compatibilityVersion = "Xcode 9.3";
			developmentRegion = en;
			hasScannedForEncodings = 0;
			knownRegions = (
				en,
				Base,
			);
			mainGroup = 83453880238C42100082DF88;
			productRefGroup = 8345388A238C42100082DF88 /* Products */;
			projectDirPath = "";
			projectRoot = "";
			targets = (
				83453888238C42100082DF88 /* graphs */,
				83362657239456ED0077A815 /* graphsTests */,
			);
		};
/* End PBXProject section */

/* Begin PBXResourcesBuildPhase section */
		83362656239456ED0077A815 /* Resources */ = {
			isa = PBXResourcesBuildPhase;
			buildActionMask = 2147483647;
			files = (
			);
			runOnlyForDeploymentPostprocessing = 0;
		};
		83453887238C42100082DF88 /* Resources */ = {
			isa = PBXResourcesBuildPhase;
			buildActionMask = 2147483647;
			files = (
				8314252E23FACCC30086BED8 /* quoteCell.xib in Resources */,
				832355F52472E782000CC3C7 /* Default-568h@2x.png in Resources */,
				83C3D941244F760600DD0497 /* PieChartCell.xib in Resources */,
				837A95822458DE4E009246AF /* AddTransactionController.xib in Resources */,
				83791685241A9F9B008C4B1E /* LoginStoryboard.storyboard in Resources */,
				83453899238C42120082DF88 /* LaunchScreen.storyboard in Resources */,
				83E4FB2D239F32850013D703 /* main.storyboard in Resources */,
				8379168F241AAD35008C4B1E /* ForgotPasswordVC.xib in Resources */,
				837A957D2458C8FA009246AF /* AddTradeController.xib in Resources */,
				83453896238C42120082DF88 /* Assets.xcassets in Resources */,
				8389E272244285BC00B14A68 /* PortfolioCell.xib in Resources */,
			);
			runOnlyForDeploymentPostprocessing = 0;
		};
/* End PBXResourcesBuildPhase section */

/* Begin PBXShellScriptBuildPhase section */
		3A63A36DC6636259D970F709 /* [CP] Check Pods Manifest.lock */ = {
			isa = PBXShellScriptBuildPhase;
			buildActionMask = 2147483647;
			files = (
			);
			inputFileListPaths = (
			);
			inputPaths = (
				"${PODS_PODFILE_DIR_PATH}/Podfile.lock",
				"${PODS_ROOT}/Manifest.lock",
			);
			name = "[CP] Check Pods Manifest.lock";
			outputFileListPaths = (
			);
			outputPaths = (
				"$(DERIVED_FILE_DIR)/Pods-graphsTests-checkManifestLockResult.txt",
			);
			runOnlyForDeploymentPostprocessing = 0;
			shellPath = /bin/sh;
			shellScript = "diff \"${PODS_PODFILE_DIR_PATH}/Podfile.lock\" \"${PODS_ROOT}/Manifest.lock\" > /dev/null\nif [ $? != 0 ] ; then\n    # print error to STDERR\n    echo \"error: The sandbox is not in sync with the Podfile.lock. Run 'pod install' or update your CocoaPods installation.\" >&2\n    exit 1\nfi\n# This output is used by Xcode 'outputs' to avoid re-running this script phase.\necho \"SUCCESS\" > \"${SCRIPT_OUTPUT_FILE_0}\"\n";
			showEnvVarsInLog = 0;
		};
		6F6F2496854E83A349617C82 /* [CP] Check Pods Manifest.lock */ = {
			isa = PBXShellScriptBuildPhase;
			buildActionMask = 2147483647;
			files = (
			);
			inputPaths = (
				"${PODS_PODFILE_DIR_PATH}/Podfile.lock",
				"${PODS_ROOT}/Manifest.lock",
			);
			name = "[CP] Check Pods Manifest.lock";
			outputPaths = (
				"$(DERIVED_FILE_DIR)/Pods-graphs-checkManifestLockResult.txt",
			);
			runOnlyForDeploymentPostprocessing = 0;
			shellPath = /bin/sh;
			shellScript = "diff \"${PODS_PODFILE_DIR_PATH}/Podfile.lock\" \"${PODS_ROOT}/Manifest.lock\" > /dev/null\nif [ $? != 0 ] ; then\n    # print error to STDERR\n    echo \"error: The sandbox is not in sync with the Podfile.lock. Run 'pod install' or update your CocoaPods installation.\" >&2\n    exit 1\nfi\n# This output is used by Xcode 'outputs' to avoid re-running this script phase.\necho \"SUCCESS\" > \"${SCRIPT_OUTPUT_FILE_0}\"\n";
			showEnvVarsInLog = 0;
		};
		83E41BFC2421824800EB5307 /* ShellScript */ = {
			isa = PBXShellScriptBuildPhase;
			buildActionMask = 2147483647;
			files = (
			);
			inputFileListPaths = (
			);
			inputPaths = (
			);
			outputFileListPaths = (
			);
			outputPaths = (
			);
			runOnlyForDeploymentPostprocessing = 0;
			shellPath = /bin/sh;
			shellScript = "if which swiftlint >/dev/null; then\n  swiftlint\nelse\n  echo \"warning: SwiftLint not installed, download from https://github.com/realm/SwiftLint\"\nfi\n";
		};
		DD95D9C2BE71BF66CE368031 /* [CP] Copy Pods Resources */ = {
			isa = PBXShellScriptBuildPhase;
			buildActionMask = 2147483647;
			files = (
			);
			inputFileListPaths = (
				"${PODS_ROOT}/Target Support Files/Pods-graphs/Pods-graphs-resources-${CONFIGURATION}-input-files.xcfilelist",
			);
			name = "[CP] Copy Pods Resources";
			outputFileListPaths = (
				"${PODS_ROOT}/Target Support Files/Pods-graphs/Pods-graphs-resources-${CONFIGURATION}-output-files.xcfilelist",
			);
			runOnlyForDeploymentPostprocessing = 0;
			shellPath = /bin/sh;
			shellScript = "\"${PODS_ROOT}/Target Support Files/Pods-graphs/Pods-graphs-resources.sh\"\n";
			showEnvVarsInLog = 0;
		};
/* End PBXShellScriptBuildPhase section */

/* Begin PBXSourcesBuildPhase section */
		83362654239456ED0077A815 /* Sources */ = {
			isa = PBXSourcesBuildPhase;
			buildActionMask = 2147483647;
			files = (
				83BFE9832434E084006CA7B6 /* UsersActions.swift in Sources */,
				83BFE98C2434E201006CA7B6 /* LineChartVCCharts.swift in Sources */,
				83BFE99B24365A50006CA7B6 /*  IncomeAssetAndPortfolio.swift in Sources */,
				831BC329243B7E3E007C7D64 /* TransactionTests.swift in Sources */,
				83BFE97F2434DFA5006CA7B6 /* getAssetsForActiveCost.swift in Sources */,
				83BFE9852434E0A6006CA7B6 /* LoginVC.swift in Sources */,
				83FFB8D12478885100F33E84 /* CoreDataManager.swift in Sources */,
				83BFE9822434E082006CA7B6 /* InstrumentCorrelation.swift in Sources */,
				83BFE9862434E0A8006CA7B6 /* RegisterVC.swift in Sources */,
				83BFE9892434E0BA006CA7B6 /* Extensions.swift in Sources */,
				83BFE99A24365A04006CA7B6 /* IncomeTests.swift in Sources */,
				83BFE9962434E22F006CA7B6 /* AuthApi.swift in Sources */,
				83FFB8D5247888B900F33E84 /* CorrelationApi.swift in Sources */,
				83BFE9812434E05D006CA7B6 /* ActiveCostApi.swift in Sources */,
				83BFE9922434E216006CA7B6 /* QuoteCell.swift in Sources */,
				83BFE9872434E0AB006CA7B6 /* ForgotPasswordVC.swift in Sources */,
				83FFB8D22478885400F33E84 /* QuoteCoreData.swift in Sources */,
				83BFE9952434E22D006CA7B6 /* UserActionsApi.swift in Sources */,
				83BFE9912434E214006CA7B6 /* RoundedViews.swift in Sources */,
				83FFB8D32478885700F33E84 /* SyncCoordinator.swift in Sources */,
				83BFE9942434E22B006CA7B6 /* DateValueFormatter.swift in Sources */,
				83BFE98D2434E203006CA7B6 /* StackedBarChartVC.swift in Sources */,
				831BC32A243B7E99007C7D64 /* TransactionApi.swift in Sources */,
				83BFE9842434E087006CA7B6 /* AssetsData.swift in Sources */,
				83BFE9882434E0B8006CA7B6 /* Constants.swift in Sources */,
				83FFB8D42478885A00F33E84 /* Portfolio.swift in Sources */,
				83BFE98F2434E208006CA7B6 /* 10VC.swift in Sources */,
				835C45A2244908C200A7AC0A /* PieChartVC.swift in Sources */,
				83BFE9902434E20B006CA7B6 /* ActiveCorrelationVC.swift in Sources */,
				83BFE9932434E219006CA7B6 /* BalloonMarker.swift in Sources */,
				838610A92450893D002F1AD6 /* PieChartCell.swift in Sources */,
			);
			runOnlyForDeploymentPostprocessing = 0;
		};
		83453885238C42100082DF88 /* Sources */ = {
			isa = PBXSourcesBuildPhase;
			buildActionMask = 2147483647;
			files = (
				8309BADA242A911900E2E86C /* AuthApi.swift in Sources */,
				8314253A23FD5F020086BED8 /* CorrelationGraphVC.swift in Sources */,
				83E4FB29239DD0860013D703 /* DateValueFormatter.swift in Sources */,
				8389E2762443429D00B14A68 /* AddFileController.swift in Sources */,
				8389E26C244263F600B14A68 /* PortfoliosController.swift in Sources */,
				831D132D240588170024BC49 /* 10VC.swift in Sources */,
				8345388D238C42100082DF88 /* AppDelegate.swift in Sources */,
				8314252723F9B8050086BED8 /* CorellationVC.swift in Sources */,
				837A957C2458C8FA009246AF /* AddTradeController.swift in Sources */,
				83FFB8D02475B6D100F33E84 /* SyncCoordinator.swift in Sources */,
				8336265123928A030077A815 /* UsersActions.swift in Sources */,
				832355F32472E652000CC3C7 /* CoreDataManager.swift in Sources */,
				832355ED2472D044000CC3C7 /* Data.xcdatamodeld in Sources */,
				83E4FB27239D56D20013D703 /* BalloonMarker.swift in Sources */,
				8314253023FB11350086BED8 /* InstrumentCorrelation.swift in Sources */,
				83E4FB2B239EF6D10013D703 /* StackedBarChartVC.swift in Sources */,
				8345388F238C42100082DF88 /* SceneDelegate.swift in Sources */,
				8389E271244285BC00B14A68 /* PortfolioCell.swift in Sources */,
				832355F72472E9A2000CC3C7 /* QuoteCoreData.swift in Sources */,
				83791689241AAA9C008C4B1E /* RoundedViews.swift in Sources */,
				8344A61A2451D4FD0009897B /* CorrelationApi.swift in Sources */,
				8314252D23FACCC30086BED8 /* QuoteCell.swift in Sources */,
				8336265323928A700077A815 /* UserActionsApi.swift in Sources */,
				83C3D940244F760600DD0497 /* PieChartCell.swift in Sources */,
				8309BAD8242A8ADA00E2E86C /* RegisterVC.swift in Sources */,
				8314253823FC6E530086BED8 /* AddIInstrumentVC.swift in Sources */,
				834538AD238C81830082DF88 /* Constants.swift in Sources */,
				83E4FB25239D49EC0013D703 /* LineChartVCCharts.swift in Sources */,
				8389E26E24426FF200B14A68 /* HeaderView.swift in Sources */,
				837A95812458DE4E009246AF /* AddTransactionController.swift in Sources */,
				8379168C241AABC8008C4B1E /* ForgotPasswordVC.swift in Sources */,
				83A8D1D52471C99E0001F60D /* SettingsController.swift in Sources */,
				8389E2782443542500B14A68 /* Portfolio.swift in Sources */,
				83BFE99824361115006CA7B6 /*  IncomeAssetAndPortfolio.swift in Sources */,
				831BC317243B75BF007C7D64 /* TransactionApi.swift in Sources */,
				83791691241AAE7D008C4B1E /* Extensions.swift in Sources */,
				838E8C7E240E753800CBD811 /* ActiveCorrelationVC.swift in Sources */,
				83BFE97A2433AC3D006CA7B6 /* ActiveCostApi.swift in Sources */,
				834538A7238C78800082DF88 /* PieChartVC.swift in Sources */,
				834538A2238C485D0082DF88 /* AssetsData.swift in Sources */,
				83791687241AA608008C4B1E /* LoginVC.swift in Sources */,
				8389E274244341CB00B14A68 /* PortfolioApi.swift in Sources */,
			);
			runOnlyForDeploymentPostprocessing = 0;
		};
/* End PBXSourcesBuildPhase section */

/* Begin PBXTargetDependency section */
		8336265E239456ED0077A815 /* PBXTargetDependency */ = {
			isa = PBXTargetDependency;
			target = 83453888238C42100082DF88 /* graphs */;
			targetProxy = 8336265D239456ED0077A815 /* PBXContainerItemProxy */;
		};
/* End PBXTargetDependency section */

/* Begin PBXVariantGroup section */
		83453897238C42120082DF88 /* LaunchScreen.storyboard */ = {
			isa = PBXVariantGroup;
			children = (
				83453898238C42120082DF88 /* Base */,
			);
			name = LaunchScreen.storyboard;
			sourceTree = "<group>";
		};
/* End PBXVariantGroup section */

/* Begin XCBuildConfiguration section */
		83362660239456ED0077A815 /* Debug */ = {
			isa = XCBuildConfiguration;
			baseConfigurationReference = 1E6D5C56656067A2D0617B47 /* Pods-graphsTests.debug.xcconfig */;
			buildSettings = {
				BUNDLE_LOADER = "$(TEST_HOST)";
				CLANG_ENABLE_MODULES = YES;
				CODE_SIGN_STYLE = Automatic;
				DEVELOPMENT_TEAM = 384TS3V9HP;
				INFOPLIST_FILE = graphsTests/Info.plist;
				LD_RUNPATH_SEARCH_PATHS = (
					"$(inherited)",
					"@executable_path/Frameworks",
					"@loader_path/Frameworks",
				);
				PRODUCT_BUNDLE_IDENTIFIER = dan.graphsTests;
				PRODUCT_NAME = "$(TARGET_NAME)";
				SWIFT_OBJC_BRIDGING_HEADER = "graphsTests/graphsTests-Bridging-Header.h";
				SWIFT_OPTIMIZATION_LEVEL = "-Onone";
				SWIFT_VERSION = 5.0;
				TARGETED_DEVICE_FAMILY = "1,2";
				TEST_HOST = "$(BUILT_PRODUCTS_DIR)/graphs.app/graphs";
			};
			name = Debug;
		};
		83362661239456ED0077A815 /* Release */ = {
			isa = XCBuildConfiguration;
			baseConfigurationReference = A98879D770D7592A638A14F8 /* Pods-graphsTests.release.xcconfig */;
			buildSettings = {
				BUNDLE_LOADER = "$(TEST_HOST)";
				CLANG_ENABLE_MODULES = YES;
				CODE_SIGN_STYLE = Automatic;
				DEVELOPMENT_TEAM = 384TS3V9HP;
				INFOPLIST_FILE = graphsTests/Info.plist;
				LD_RUNPATH_SEARCH_PATHS = (
					"$(inherited)",
					"@executable_path/Frameworks",
					"@loader_path/Frameworks",
				);
				PRODUCT_BUNDLE_IDENTIFIER = dan.graphsTests;
				PRODUCT_NAME = "$(TARGET_NAME)";
				SWIFT_OBJC_BRIDGING_HEADER = "graphsTests/graphsTests-Bridging-Header.h";
				SWIFT_VERSION = 5.0;
				TARGETED_DEVICE_FAMILY = "1,2";
				TEST_HOST = "$(BUILT_PRODUCTS_DIR)/graphs.app/graphs";
			};
			name = Release;
		};
		8345389B238C42120082DF88 /* Debug */ = {
			isa = XCBuildConfiguration;
			buildSettings = {
				ALWAYS_SEARCH_USER_PATHS = NO;
				CLANG_ANALYZER_NONNULL = YES;
				CLANG_ANALYZER_NUMBER_OBJECT_CONVERSION = YES_AGGRESSIVE;
				CLANG_CXX_LANGUAGE_STANDARD = "gnu++14";
				CLANG_CXX_LIBRARY = "libc++";
				CLANG_ENABLE_MODULES = YES;
				CLANG_ENABLE_OBJC_ARC = YES;
				CLANG_ENABLE_OBJC_WEAK = YES;
				CLANG_WARN_BLOCK_CAPTURE_AUTORELEASING = YES;
				CLANG_WARN_BOOL_CONVERSION = YES;
				CLANG_WARN_COMMA = YES;
				CLANG_WARN_CONSTANT_CONVERSION = YES;
				CLANG_WARN_DEPRECATED_OBJC_IMPLEMENTATIONS = YES;
				CLANG_WARN_DIRECT_OBJC_ISA_USAGE = YES_ERROR;
				CLANG_WARN_DOCUMENTATION_COMMENTS = YES;
				CLANG_WARN_EMPTY_BODY = YES;
				CLANG_WARN_ENUM_CONVERSION = YES;
				CLANG_WARN_INFINITE_RECURSION = YES;
				CLANG_WARN_INT_CONVERSION = YES;
				CLANG_WARN_NON_LITERAL_NULL_CONVERSION = YES;
				CLANG_WARN_OBJC_IMPLICIT_RETAIN_SELF = YES;
				CLANG_WARN_OBJC_LITERAL_CONVERSION = YES;
				CLANG_WARN_OBJC_ROOT_CLASS = YES_ERROR;
				CLANG_WARN_RANGE_LOOP_ANALYSIS = YES;
				CLANG_WARN_STRICT_PROTOTYPES = YES;
				CLANG_WARN_SUSPICIOUS_MOVE = YES;
				CLANG_WARN_UNGUARDED_AVAILABILITY = YES_AGGRESSIVE;
				CLANG_WARN_UNREACHABLE_CODE = YES;
				CLANG_WARN__DUPLICATE_METHOD_MATCH = YES;
				COPY_PHASE_STRIP = NO;
				DEBUG_INFORMATION_FORMAT = dwarf;
				ENABLE_STRICT_OBJC_MSGSEND = YES;
				ENABLE_TESTABILITY = YES;
				GCC_C_LANGUAGE_STANDARD = gnu11;
				GCC_DYNAMIC_NO_PIC = NO;
				GCC_NO_COMMON_BLOCKS = YES;
				GCC_OPTIMIZATION_LEVEL = 0;
				GCC_PREPROCESSOR_DEFINITIONS = (
					"DEBUG=1",
					"$(inherited)",
				);
				GCC_WARN_64_TO_32_BIT_CONVERSION = YES;
				GCC_WARN_ABOUT_RETURN_TYPE = YES_ERROR;
				GCC_WARN_UNDECLARED_SELECTOR = YES;
				GCC_WARN_UNINITIALIZED_AUTOS = YES_AGGRESSIVE;
				GCC_WARN_UNUSED_FUNCTION = YES;
				GCC_WARN_UNUSED_VARIABLE = YES;
				IPHONEOS_DEPLOYMENT_TARGET = 13.2;
				MTL_ENABLE_DEBUG_INFO = INCLUDE_SOURCE;
				MTL_FAST_MATH = YES;
				ONLY_ACTIVE_ARCH = YES;
				SDKROOT = iphoneos;
				SWIFT_ACTIVE_COMPILATION_CONDITIONS = DEBUG;
				SWIFT_OPTIMIZATION_LEVEL = "-Onone";
			};
			name = Debug;
		};
		8345389C238C42120082DF88 /* Release */ = {
			isa = XCBuildConfiguration;
			buildSettings = {
				ALWAYS_SEARCH_USER_PATHS = NO;
				CLANG_ANALYZER_NONNULL = YES;
				CLANG_ANALYZER_NUMBER_OBJECT_CONVERSION = YES_AGGRESSIVE;
				CLANG_CXX_LANGUAGE_STANDARD = "gnu++14";
				CLANG_CXX_LIBRARY = "libc++";
				CLANG_ENABLE_MODULES = YES;
				CLANG_ENABLE_OBJC_ARC = YES;
				CLANG_ENABLE_OBJC_WEAK = YES;
				CLANG_WARN_BLOCK_CAPTURE_AUTORELEASING = YES;
				CLANG_WARN_BOOL_CONVERSION = YES;
				CLANG_WARN_COMMA = YES;
				CLANG_WARN_CONSTANT_CONVERSION = YES;
				CLANG_WARN_DEPRECATED_OBJC_IMPLEMENTATIONS = YES;
				CLANG_WARN_DIRECT_OBJC_ISA_USAGE = YES_ERROR;
				CLANG_WARN_DOCUMENTATION_COMMENTS = YES;
				CLANG_WARN_EMPTY_BODY = YES;
				CLANG_WARN_ENUM_CONVERSION = YES;
				CLANG_WARN_INFINITE_RECURSION = YES;
				CLANG_WARN_INT_CONVERSION = YES;
				CLANG_WARN_NON_LITERAL_NULL_CONVERSION = YES;
				CLANG_WARN_OBJC_IMPLICIT_RETAIN_SELF = YES;
				CLANG_WARN_OBJC_LITERAL_CONVERSION = YES;
				CLANG_WARN_OBJC_ROOT_CLASS = YES_ERROR;
				CLANG_WARN_RANGE_LOOP_ANALYSIS = YES;
				CLANG_WARN_STRICT_PROTOTYPES = YES;
				CLANG_WARN_SUSPICIOUS_MOVE = YES;
				CLANG_WARN_UNGUARDED_AVAILABILITY = YES_AGGRESSIVE;
				CLANG_WARN_UNREACHABLE_CODE = YES;
				CLANG_WARN__DUPLICATE_METHOD_MATCH = YES;
				COPY_PHASE_STRIP = NO;
				DEBUG_INFORMATION_FORMAT = "dwarf-with-dsym";
				ENABLE_NS_ASSERTIONS = NO;
				ENABLE_STRICT_OBJC_MSGSEND = YES;
				GCC_C_LANGUAGE_STANDARD = gnu11;
				GCC_NO_COMMON_BLOCKS = YES;
				GCC_WARN_64_TO_32_BIT_CONVERSION = YES;
				GCC_WARN_ABOUT_RETURN_TYPE = YES_ERROR;
				GCC_WARN_UNDECLARED_SELECTOR = YES;
				GCC_WARN_UNINITIALIZED_AUTOS = YES_AGGRESSIVE;
				GCC_WARN_UNUSED_FUNCTION = YES;
				GCC_WARN_UNUSED_VARIABLE = YES;
				IPHONEOS_DEPLOYMENT_TARGET = 13.2;
				MTL_ENABLE_DEBUG_INFO = NO;
				MTL_FAST_MATH = YES;
				SDKROOT = iphoneos;
				SWIFT_COMPILATION_MODE = wholemodule;
				SWIFT_OPTIMIZATION_LEVEL = "-O";
				VALIDATE_PRODUCT = YES;
			};
			name = Release;
		};
		8345389E238C42120082DF88 /* Debug */ = {
			isa = XCBuildConfiguration;
			baseConfigurationReference = 51A4052D77275042D5ACA0E1 /* Pods-graphs.debug.xcconfig */;
			buildSettings = {
				ASSETCATALOG_COMPILER_APPICON_NAME = AppIcon;
				CODE_SIGN_STYLE = Automatic;
				DEVELOPMENT_TEAM = 384TS3V9HP;
				INFOPLIST_FILE = graphs/Info.plist;
				IPHONEOS_DEPLOYMENT_TARGET = 13.0;
				LD_RUNPATH_SEARCH_PATHS = (
					"$(inherited)",
					"@executable_path/Frameworks",
				);
				PRODUCT_BUNDLE_IDENTIFIER = dan.graphs;
				PRODUCT_NAME = "$(TARGET_NAME)";
				SWIFT_VERSION = 5.0;
				TARGETED_DEVICE_FAMILY = 1;
			};
			name = Debug;
		};
		8345389F238C42120082DF88 /* Release */ = {
			isa = XCBuildConfiguration;
			baseConfigurationReference = 963FEB08E51EC6285DB293A2 /* Pods-graphs.release.xcconfig */;
			buildSettings = {
				ASSETCATALOG_COMPILER_APPICON_NAME = AppIcon;
				CODE_SIGN_STYLE = Automatic;
				DEVELOPMENT_TEAM = 384TS3V9HP;
				INFOPLIST_FILE = graphs/Info.plist;
				IPHONEOS_DEPLOYMENT_TARGET = 13.0;
				LD_RUNPATH_SEARCH_PATHS = (
					"$(inherited)",
					"@executable_path/Frameworks",
				);
				PRODUCT_BUNDLE_IDENTIFIER = dan.graphs;
				PRODUCT_NAME = "$(TARGET_NAME)";
				SWIFT_VERSION = 5.0;
				TARGETED_DEVICE_FAMILY = 1;
			};
			name = Release;
		};
/* End XCBuildConfiguration section */

/* Begin XCConfigurationList section */
		8336265F239456ED0077A815 /* Build configuration list for PBXNativeTarget "graphsTests" */ = {
			isa = XCConfigurationList;
			buildConfigurations = (
				83362660239456ED0077A815 /* Debug */,
				83362661239456ED0077A815 /* Release */,
			);
			defaultConfigurationIsVisible = 0;
			defaultConfigurationName = Release;
		};
		83453884238C42100082DF88 /* Build configuration list for PBXProject "graphs" */ = {
			isa = XCConfigurationList;
			buildConfigurations = (
				8345389B238C42120082DF88 /* Debug */,
				8345389C238C42120082DF88 /* Release */,
			);
			defaultConfigurationIsVisible = 0;
			defaultConfigurationName = Release;
		};
		8345389D238C42120082DF88 /* Build configuration list for PBXNativeTarget "graphs" */ = {
			isa = XCConfigurationList;
			buildConfigurations = (
				8345389E238C42120082DF88 /* Debug */,
				8345389F238C42120082DF88 /* Release */,
			);
			defaultConfigurationIsVisible = 0;
			defaultConfigurationName = Release;
		};
/* End XCConfigurationList section */

/* Begin XCVersionGroup section */
		832355EB2472D044000CC3C7 /* Data.xcdatamodeld */ = {
			isa = XCVersionGroup;
			children = (
				832355EC2472D044000CC3C7 /* Data.xcdatamodel */,
			);
			currentVersion = 832355EC2472D044000CC3C7 /* Data.xcdatamodel */;
			path = Data.xcdatamodeld;
			sourceTree = "<group>";
			versionGroupType = wrapper.xcdatamodel;
		};
/* End XCVersionGroup section */
	};
	rootObject = 83453881238C42100082DF88 /* Project object */;
}
